// !$*UTF8*$!
{
	archiveVersion = 1;
	classes = {
	};
	objectVersion = 46;
	objects = {

/* Begin PBXBuildFile section */
		6B039BA31435D81B0036F9B5 /* QuartzCore.framework in Frameworks */ = {isa = PBXBuildFile; fileRef = 6B039BA21435D81B0036F9B5 /* QuartzCore.framework */; };
		6B3F48B9143ACDB8005C0A7A /* InfoPlist.strings in Resources */ = {isa = PBXBuildFile; fileRef = 6B3F48B2143ACDB8005C0A7A /* InfoPlist.strings */; };
		6B3F48BA143ACDB8005C0A7A /* InfoPlist.strings in Resources */ = {isa = PBXBuildFile; fileRef = 6B3F48B2143ACDB8005C0A7A /* InfoPlist.strings */; };
		6B3F48BD143ACDB8005C0A7A /* main.m in Sources */ = {isa = PBXBuildFile; fileRef = 6B3F48B6143ACDB8005C0A7A /* main.m */; };
		6B3F48BE143ACDB8005C0A7A /* main.m in Sources */ = {isa = PBXBuildFile; fileRef = 6B3F48B6143ACDB8005C0A7A /* main.m */; };
		6B3F48BF143ACDB8005C0A7A /* RunIntegrationTests-Info.plist in Resources */ = {isa = PBXBuildFile; fileRef = 6B3F48B7143ACDB8005C0A7A /* RunIntegrationTests-Info.plist */; };
		6B3F48C0143ACDB8005C0A7A /* RunIntegrationTests-Info.plist in Resources */ = {isa = PBXBuildFile; fileRef = 6B3F48B7143ACDB8005C0A7A /* RunIntegrationTests-Info.plist */; };
		6B3F4904143ACDCA005C0A7A /* ASIAuthenticationDialog.m in Sources */ = {isa = PBXBuildFile; fileRef = 6B3F48C4143ACDCA005C0A7A /* ASIAuthenticationDialog.m */; };
		6B3F4905143ACDCA005C0A7A /* ASIAuthenticationDialog.m in Sources */ = {isa = PBXBuildFile; fileRef = 6B3F48C4143ACDCA005C0A7A /* ASIAuthenticationDialog.m */; };
		6B3F4906143ACDCA005C0A7A /* ASIAuthenticationDialog.m in Sources */ = {isa = PBXBuildFile; fileRef = 6B3F48C4143ACDCA005C0A7A /* ASIAuthenticationDialog.m */; };
		6B3F4907143ACDCA005C0A7A /* ASIDataCompressor.m in Sources */ = {isa = PBXBuildFile; fileRef = 6B3F48C7143ACDCA005C0A7A /* ASIDataCompressor.m */; };
		6B3F4908143ACDCA005C0A7A /* ASIDataCompressor.m in Sources */ = {isa = PBXBuildFile; fileRef = 6B3F48C7143ACDCA005C0A7A /* ASIDataCompressor.m */; };
		6B3F4909143ACDCA005C0A7A /* ASIDataCompressor.m in Sources */ = {isa = PBXBuildFile; fileRef = 6B3F48C7143ACDCA005C0A7A /* ASIDataCompressor.m */; };
		6B3F490A143ACDCA005C0A7A /* ASIDataDecompressor.m in Sources */ = {isa = PBXBuildFile; fileRef = 6B3F48C9143ACDCA005C0A7A /* ASIDataDecompressor.m */; };
		6B3F490B143ACDCA005C0A7A /* ASIDataDecompressor.m in Sources */ = {isa = PBXBuildFile; fileRef = 6B3F48C9143ACDCA005C0A7A /* ASIDataDecompressor.m */; };
		6B3F490C143ACDCA005C0A7A /* ASIDataDecompressor.m in Sources */ = {isa = PBXBuildFile; fileRef = 6B3F48C9143ACDCA005C0A7A /* ASIDataDecompressor.m */; };
		6B3F490D143ACDCA005C0A7A /* ASIDownloadCache.m in Sources */ = {isa = PBXBuildFile; fileRef = 6B3F48CB143ACDCA005C0A7A /* ASIDownloadCache.m */; };
		6B3F490E143ACDCA005C0A7A /* ASIDownloadCache.m in Sources */ = {isa = PBXBuildFile; fileRef = 6B3F48CB143ACDCA005C0A7A /* ASIDownloadCache.m */; };
		6B3F490F143ACDCA005C0A7A /* ASIDownloadCache.m in Sources */ = {isa = PBXBuildFile; fileRef = 6B3F48CB143ACDCA005C0A7A /* ASIDownloadCache.m */; };
		6B3F4910143ACDCA005C0A7A /* ASIFormDataRequest.m in Sources */ = {isa = PBXBuildFile; fileRef = 6B3F48CD143ACDCA005C0A7A /* ASIFormDataRequest.m */; };
		6B3F4911143ACDCA005C0A7A /* ASIFormDataRequest.m in Sources */ = {isa = PBXBuildFile; fileRef = 6B3F48CD143ACDCA005C0A7A /* ASIFormDataRequest.m */; };
		6B3F4912143ACDCA005C0A7A /* ASIFormDataRequest.m in Sources */ = {isa = PBXBuildFile; fileRef = 6B3F48CD143ACDCA005C0A7A /* ASIFormDataRequest.m */; };
		6B3F4913143ACDCA005C0A7A /* ASIHTTPRequest.m in Sources */ = {isa = PBXBuildFile; fileRef = 6B3F48CF143ACDCA005C0A7A /* ASIHTTPRequest.m */; };
		6B3F4914143ACDCA005C0A7A /* ASIHTTPRequest.m in Sources */ = {isa = PBXBuildFile; fileRef = 6B3F48CF143ACDCA005C0A7A /* ASIHTTPRequest.m */; };
		6B3F4915143ACDCA005C0A7A /* ASIHTTPRequest.m in Sources */ = {isa = PBXBuildFile; fileRef = 6B3F48CF143ACDCA005C0A7A /* ASIHTTPRequest.m */; };
		6B3F4916143ACDCA005C0A7A /* ASIInputStream.m in Sources */ = {isa = PBXBuildFile; fileRef = 6B3F48D3143ACDCA005C0A7A /* ASIInputStream.m */; };
		6B3F4917143ACDCA005C0A7A /* ASIInputStream.m in Sources */ = {isa = PBXBuildFile; fileRef = 6B3F48D3143ACDCA005C0A7A /* ASIInputStream.m */; };
		6B3F4918143ACDCA005C0A7A /* ASIInputStream.m in Sources */ = {isa = PBXBuildFile; fileRef = 6B3F48D3143ACDCA005C0A7A /* ASIInputStream.m */; };
		6B3F4919143ACDCA005C0A7A /* ASINetworkQueue.m in Sources */ = {isa = PBXBuildFile; fileRef = 6B3F48D5143ACDCA005C0A7A /* ASINetworkQueue.m */; };
		6B3F491A143ACDCA005C0A7A /* ASINetworkQueue.m in Sources */ = {isa = PBXBuildFile; fileRef = 6B3F48D5143ACDCA005C0A7A /* ASINetworkQueue.m */; };
		6B3F491B143ACDCA005C0A7A /* ASINetworkQueue.m in Sources */ = {isa = PBXBuildFile; fileRef = 6B3F48D5143ACDCA005C0A7A /* ASINetworkQueue.m */; };
		6B3F491C143ACDCA005C0A7A /* ASIWebPageRequest.m in Sources */ = {isa = PBXBuildFile; fileRef = 6B3F48D9143ACDCA005C0A7A /* ASIWebPageRequest.m */; };
		6B3F491D143ACDCA005C0A7A /* ASIWebPageRequest.m in Sources */ = {isa = PBXBuildFile; fileRef = 6B3F48D9143ACDCA005C0A7A /* ASIWebPageRequest.m */; };
		6B3F491E143ACDCA005C0A7A /* ASIWebPageRequest.m in Sources */ = {isa = PBXBuildFile; fileRef = 6B3F48D9143ACDCA005C0A7A /* ASIWebPageRequest.m */; };
		6B3F491F143ACDCA005C0A7A /* ASICloudFilesCDNRequest.m in Sources */ = {isa = PBXBuildFile; fileRef = 6B3F48DC143ACDCA005C0A7A /* ASICloudFilesCDNRequest.m */; };
		6B3F4920143ACDCA005C0A7A /* ASICloudFilesCDNRequest.m in Sources */ = {isa = PBXBuildFile; fileRef = 6B3F48DC143ACDCA005C0A7A /* ASICloudFilesCDNRequest.m */; };
		6B3F4921143ACDCA005C0A7A /* ASICloudFilesCDNRequest.m in Sources */ = {isa = PBXBuildFile; fileRef = 6B3F48DC143ACDCA005C0A7A /* ASICloudFilesCDNRequest.m */; };
		6B3F4922143ACDCA005C0A7A /* ASICloudFilesContainer.m in Sources */ = {isa = PBXBuildFile; fileRef = 6B3F48DE143ACDCA005C0A7A /* ASICloudFilesContainer.m */; };
		6B3F4923143ACDCA005C0A7A /* ASICloudFilesContainer.m in Sources */ = {isa = PBXBuildFile; fileRef = 6B3F48DE143ACDCA005C0A7A /* ASICloudFilesContainer.m */; };
		6B3F4924143ACDCA005C0A7A /* ASICloudFilesContainer.m in Sources */ = {isa = PBXBuildFile; fileRef = 6B3F48DE143ACDCA005C0A7A /* ASICloudFilesContainer.m */; };
		6B3F4925143ACDCA005C0A7A /* ASICloudFilesContainerRequest.m in Sources */ = {isa = PBXBuildFile; fileRef = 6B3F48E0143ACDCA005C0A7A /* ASICloudFilesContainerRequest.m */; };
		6B3F4926143ACDCA005C0A7A /* ASICloudFilesContainerRequest.m in Sources */ = {isa = PBXBuildFile; fileRef = 6B3F48E0143ACDCA005C0A7A /* ASICloudFilesContainerRequest.m */; };
		6B3F4927143ACDCA005C0A7A /* ASICloudFilesContainerRequest.m in Sources */ = {isa = PBXBuildFile; fileRef = 6B3F48E0143ACDCA005C0A7A /* ASICloudFilesContainerRequest.m */; };
		6B3F4928143ACDCA005C0A7A /* ASICloudFilesContainerXMLParserDelegate.m in Sources */ = {isa = PBXBuildFile; fileRef = 6B3F48E2143ACDCA005C0A7A /* ASICloudFilesContainerXMLParserDelegate.m */; };
		6B3F4929143ACDCA005C0A7A /* ASICloudFilesContainerXMLParserDelegate.m in Sources */ = {isa = PBXBuildFile; fileRef = 6B3F48E2143ACDCA005C0A7A /* ASICloudFilesContainerXMLParserDelegate.m */; };
		6B3F492A143ACDCA005C0A7A /* ASICloudFilesContainerXMLParserDelegate.m in Sources */ = {isa = PBXBuildFile; fileRef = 6B3F48E2143ACDCA005C0A7A /* ASICloudFilesContainerXMLParserDelegate.m */; };
		6B3F492B143ACDCA005C0A7A /* ASICloudFilesObject.m in Sources */ = {isa = PBXBuildFile; fileRef = 6B3F48E4143ACDCA005C0A7A /* ASICloudFilesObject.m */; };
		6B3F492C143ACDCA005C0A7A /* ASICloudFilesObject.m in Sources */ = {isa = PBXBuildFile; fileRef = 6B3F48E4143ACDCA005C0A7A /* ASICloudFilesObject.m */; };
		6B3F492D143ACDCA005C0A7A /* ASICloudFilesObject.m in Sources */ = {isa = PBXBuildFile; fileRef = 6B3F48E4143ACDCA005C0A7A /* ASICloudFilesObject.m */; };
		6B3F492E143ACDCA005C0A7A /* ASICloudFilesObjectRequest.m in Sources */ = {isa = PBXBuildFile; fileRef = 6B3F48E6143ACDCA005C0A7A /* ASICloudFilesObjectRequest.m */; };
		6B3F492F143ACDCA005C0A7A /* ASICloudFilesObjectRequest.m in Sources */ = {isa = PBXBuildFile; fileRef = 6B3F48E6143ACDCA005C0A7A /* ASICloudFilesObjectRequest.m */; };
		6B3F4930143ACDCA005C0A7A /* ASICloudFilesObjectRequest.m in Sources */ = {isa = PBXBuildFile; fileRef = 6B3F48E6143ACDCA005C0A7A /* ASICloudFilesObjectRequest.m */; };
		6B3F4931143ACDCA005C0A7A /* ASICloudFilesRequest.m in Sources */ = {isa = PBXBuildFile; fileRef = 6B3F48E8143ACDCA005C0A7A /* ASICloudFilesRequest.m */; };
		6B3F4932143ACDCA005C0A7A /* ASICloudFilesRequest.m in Sources */ = {isa = PBXBuildFile; fileRef = 6B3F48E8143ACDCA005C0A7A /* ASICloudFilesRequest.m */; };
		6B3F4933143ACDCA005C0A7A /* ASICloudFilesRequest.m in Sources */ = {isa = PBXBuildFile; fileRef = 6B3F48E8143ACDCA005C0A7A /* ASICloudFilesRequest.m */; };
		6B3F4934143ACDCA005C0A7A /* ASIS3Bucket.m in Sources */ = {isa = PBXBuildFile; fileRef = 6B3F48EC143ACDCA005C0A7A /* ASIS3Bucket.m */; };
		6B3F4935143ACDCA005C0A7A /* ASIS3Bucket.m in Sources */ = {isa = PBXBuildFile; fileRef = 6B3F48EC143ACDCA005C0A7A /* ASIS3Bucket.m */; };
		6B3F4936143ACDCA005C0A7A /* ASIS3Bucket.m in Sources */ = {isa = PBXBuildFile; fileRef = 6B3F48EC143ACDCA005C0A7A /* ASIS3Bucket.m */; };
		6B3F4937143ACDCA005C0A7A /* ASIS3BucketObject.m in Sources */ = {isa = PBXBuildFile; fileRef = 6B3F48EE143ACDCA005C0A7A /* ASIS3BucketObject.m */; };
		6B3F4938143ACDCA005C0A7A /* ASIS3BucketObject.m in Sources */ = {isa = PBXBuildFile; fileRef = 6B3F48EE143ACDCA005C0A7A /* ASIS3BucketObject.m */; };
		6B3F4939143ACDCA005C0A7A /* ASIS3BucketObject.m in Sources */ = {isa = PBXBuildFile; fileRef = 6B3F48EE143ACDCA005C0A7A /* ASIS3BucketObject.m */; };
		6B3F493A143ACDCA005C0A7A /* ASIS3BucketRequest.m in Sources */ = {isa = PBXBuildFile; fileRef = 6B3F48F0143ACDCA005C0A7A /* ASIS3BucketRequest.m */; };
		6B3F493B143ACDCA005C0A7A /* ASIS3BucketRequest.m in Sources */ = {isa = PBXBuildFile; fileRef = 6B3F48F0143ACDCA005C0A7A /* ASIS3BucketRequest.m */; };
		6B3F493C143ACDCA005C0A7A /* ASIS3BucketRequest.m in Sources */ = {isa = PBXBuildFile; fileRef = 6B3F48F0143ACDCA005C0A7A /* ASIS3BucketRequest.m */; };
		6B3F493D143ACDCA005C0A7A /* ASIS3ObjectRequest.m in Sources */ = {isa = PBXBuildFile; fileRef = 6B3F48F2143ACDCA005C0A7A /* ASIS3ObjectRequest.m */; };
		6B3F493E143ACDCA005C0A7A /* ASIS3ObjectRequest.m in Sources */ = {isa = PBXBuildFile; fileRef = 6B3F48F2143ACDCA005C0A7A /* ASIS3ObjectRequest.m */; };
		6B3F493F143ACDCA005C0A7A /* ASIS3ObjectRequest.m in Sources */ = {isa = PBXBuildFile; fileRef = 6B3F48F2143ACDCA005C0A7A /* ASIS3ObjectRequest.m */; };
		6B3F4940143ACDCA005C0A7A /* ASIS3Request.m in Sources */ = {isa = PBXBuildFile; fileRef = 6B3F48F4143ACDCA005C0A7A /* ASIS3Request.m */; };
		6B3F4941143ACDCA005C0A7A /* ASIS3Request.m in Sources */ = {isa = PBXBuildFile; fileRef = 6B3F48F4143ACDCA005C0A7A /* ASIS3Request.m */; };
		6B3F4942143ACDCA005C0A7A /* ASIS3Request.m in Sources */ = {isa = PBXBuildFile; fileRef = 6B3F48F4143ACDCA005C0A7A /* ASIS3Request.m */; };
		6B3F4943143ACDCA005C0A7A /* ASIS3ServiceRequest.m in Sources */ = {isa = PBXBuildFile; fileRef = 6B3F48F6143ACDCA005C0A7A /* ASIS3ServiceRequest.m */; };
		6B3F4944143ACDCA005C0A7A /* ASIS3ServiceRequest.m in Sources */ = {isa = PBXBuildFile; fileRef = 6B3F48F6143ACDCA005C0A7A /* ASIS3ServiceRequest.m */; };
		6B3F4945143ACDCA005C0A7A /* ASIS3ServiceRequest.m in Sources */ = {isa = PBXBuildFile; fileRef = 6B3F48F6143ACDCA005C0A7A /* ASIS3ServiceRequest.m */; };
		6B3F4946143ACDCA005C0A7A /* NSDataAdditions.m in Sources */ = {isa = PBXBuildFile; fileRef = 6B3F48FC143ACDCA005C0A7A /* NSDataAdditions.m */; };
		6B3F4947143ACDCA005C0A7A /* NSDataAdditions.m in Sources */ = {isa = PBXBuildFile; fileRef = 6B3F48FC143ACDCA005C0A7A /* NSDataAdditions.m */; };
		6B3F4948143ACDCA005C0A7A /* NSDataAdditions.m in Sources */ = {isa = PBXBuildFile; fileRef = 6B3F48FC143ACDCA005C0A7A /* NSDataAdditions.m */; };
		6B3F4949143ACDCA005C0A7A /* RXMLElement.m in Sources */ = {isa = PBXBuildFile; fileRef = 6B3F48FE143ACDCA005C0A7A /* RXMLElement.m */; };
		6B3F494A143ACDCA005C0A7A /* RXMLElement.m in Sources */ = {isa = PBXBuildFile; fileRef = 6B3F48FE143ACDCA005C0A7A /* RXMLElement.m */; };
		6B3F494B143ACDCA005C0A7A /* RXMLElement.m in Sources */ = {isa = PBXBuildFile; fileRef = 6B3F48FE143ACDCA005C0A7A /* RXMLElement.m */; };
		6B3F494C143ACDCA005C0A7A /* TBXML.m in Sources */ = {isa = PBXBuildFile; fileRef = 6B3F4900143ACDCA005C0A7A /* TBXML.m */; };
		6B3F494D143ACDCA005C0A7A /* TBXML.m in Sources */ = {isa = PBXBuildFile; fileRef = 6B3F4900143ACDCA005C0A7A /* TBXML.m */; };
		6B3F494E143ACDCA005C0A7A /* TBXML.m in Sources */ = {isa = PBXBuildFile; fileRef = 6B3F4900143ACDCA005C0A7A /* TBXML.m */; };
		6B3F494F143ACDCA005C0A7A /* Reachability.m in Sources */ = {isa = PBXBuildFile; fileRef = 6B3F4903143ACDCA005C0A7A /* Reachability.m */; };
		6B3F4950143ACDCA005C0A7A /* Reachability.m in Sources */ = {isa = PBXBuildFile; fileRef = 6B3F4903143ACDCA005C0A7A /* Reachability.m */; };
		6B3F4951143ACDCA005C0A7A /* Reachability.m in Sources */ = {isa = PBXBuildFile; fileRef = 6B3F4903143ACDCA005C0A7A /* Reachability.m */; };
		6B3F4952143ACDDC005C0A7A /* XmlPostLoginClientSpec.m in Sources */ = {isa = PBXBuildFile; fileRef = 6B86AD8C1435B65400AA7FD5 /* XmlPostLoginClientSpec.m */; };
		6B3F4953143ACDE5005C0A7A /* QuartzCore.framework in Frameworks */ = {isa = PBXBuildFile; fileRef = 6B039BA21435D81B0036F9B5 /* QuartzCore.framework */; };
		6B3F4954143ACDE8005C0A7A /* MobileCoreServices.framework in Frameworks */ = {isa = PBXBuildFile; fileRef = 6B932F351433FA4000834A1B /* MobileCoreServices.framework */; };
		6B3F4955143ACDEB005C0A7A /* SystemConfiguration.framework in Frameworks */ = {isa = PBXBuildFile; fileRef = 6B932F2F1433F97900834A1B /* SystemConfiguration.framework */; };
		6B3F4956143ACDEE005C0A7A /* CFNetwork.framework in Frameworks */ = {isa = PBXBuildFile; fileRef = 6B932F311433F98400834A1B /* CFNetwork.framework */; };
		6B3F4957143ACDF1005C0A7A /* libz.dylib in Frameworks */ = {isa = PBXBuildFile; fileRef = 6B932F271433F7CE00834A1B /* libz.dylib */; };
		6B3F4958143ACDF4005C0A7A /* Cedar-iPhone.framework in Frameworks */ = {isa = PBXBuildFile; fileRef = 6B932EB31433E2E700834A1B /* Cedar-iPhone.framework */; };
		6B3F4959143ACDF7005C0A7A /* OCHamcrest-iPhone.framework in Frameworks */ = {isa = PBXBuildFile; fileRef = 6B932EB41433E2E700834A1B /* OCHamcrest-iPhone.framework */; };
		6B3F495A143ACDFA005C0A7A /* Objection-iOS.framework in Frameworks */ = {isa = PBXBuildFile; fileRef = 6B932EB11433E2D600834A1B /* Objection-iOS.framework */; };
		6B3F495B143ACDFF005C0A7A /* libsqlite3.dylib in Frameworks */ = {isa = PBXBuildFile; fileRef = 6B6B65251432A07B00B584C1 /* libsqlite3.dylib */; };
		6B3F495C143ACE02005C0A7A /* libxml2.dylib in Frameworks */ = {isa = PBXBuildFile; fileRef = 6B912278143299CA0031F7A8 /* libxml2.dylib */; };
		6B3F495D143ACE11005C0A7A /* expanz_ui_ActivityViewController.m in Sources */ = {isa = PBXBuildFile; fileRef = 6BC160761436AF3500E166F6 /* expanz_ui_ActivityViewController.m */; };
		6B3F495E143ACE15005C0A7A /* expanz_ui_LoginViewController.m in Sources */ = {isa = PBXBuildFile; fileRef = 6BC160781436AF3500E166F6 /* expanz_ui_LoginViewController.m */; };
		6B3F495F143ACE1A005C0A7A /* ex_security_XmlPostLoginClient.m in Sources */ = {isa = PBXBuildFile; fileRef = 6B932EA11433E22100834A1B /* ex_security_XmlPostLoginClient.m */; };
		6B3F4960143ACE1E005C0A7A /* ex_security_SessionContextHolder.m in Sources */ = {isa = PBXBuildFile; fileRef = 6B932F8B143456C500834A1B /* ex_security_SessionContextHolder.m */; };
		6B3F4961143ACE21005C0A7A /* ex_security_SessionRequest.m in Sources */ = {isa = PBXBuildFile; fileRef = 6B932F8D143456C500834A1B /* ex_security_SessionRequest.m */; };
		6B3F4962143ACE27005C0A7A /* JBDependencyBinder.m in Sources */ = {isa = PBXBuildFile; fileRef = 6B932EA61433E22100834A1B /* JBDependencyBinder.m */; };
		6B6B65261432A07B00B584C1 /* libsqlite3.dylib in Frameworks */ = {isa = PBXBuildFile; fileRef = 6B6B65251432A07B00B584C1 /* libsqlite3.dylib */; };
		6B701482143A9A900023756C /* UIKit.framework in Frameworks */ = {isa = PBXBuildFile; fileRef = 6BCAFB9B14317B1C00575280 /* UIKit.framework */; };
		6B701483143A9A900023756C /* Foundation.framework in Frameworks */ = {isa = PBXBuildFile; fileRef = 6BCAFB9D14317B1C00575280 /* Foundation.framework */; };
		6B701484143A9A900023756C /* CoreGraphics.framework in Frameworks */ = {isa = PBXBuildFile; fileRef = 6BCAFB9F14317B1C00575280 /* CoreGraphics.framework */; };
		6B7014A1143A9AC60023756C /* InfoPlist.strings in Resources */ = {isa = PBXBuildFile; fileRef = 6B701498143A9AC60023756C /* InfoPlist.strings */; };
		6B7014A3143A9AC60023756C /* main.m in Sources */ = {isa = PBXBuildFile; fileRef = 6B70149C143A9AC60023756C /* main.m */; };
		6B7014A6143A9BE60023756C /* SessionRequestSpec.m in Sources */ = {isa = PBXBuildFile; fileRef = 6B932F7F1434513700834A1B /* SessionRequestSpec.m */; };
		6B7014A7143A9BE90023756C /* SessionContextHolderSpec.m in Sources */ = {isa = PBXBuildFile; fileRef = 6B86AD901435B94A00AA7FD5 /* SessionContextHolderSpec.m */; };
		6B7014A8143A9BF50023756C /* expanz_iOS_SDKAppDelegate.m in Sources */ = {isa = PBXBuildFile; fileRef = 6BC160741436AF3500E166F6 /* expanz_iOS_SDKAppDelegate.m */; };
		6B7014A9143A9BF90023756C /* expanz_ui_ActivityViewController.m in Sources */ = {isa = PBXBuildFile; fileRef = 6BC160761436AF3500E166F6 /* expanz_ui_ActivityViewController.m */; };
		6B7014AA143A9BFC0023756C /* expanz_ui_LoginViewController.m in Sources */ = {isa = PBXBuildFile; fileRef = 6BC160781436AF3500E166F6 /* expanz_ui_LoginViewController.m */; };
		6B7014AB143A9C020023756C /* ex_security_XmlPostLoginClient.m in Sources */ = {isa = PBXBuildFile; fileRef = 6B932EA11433E22100834A1B /* ex_security_XmlPostLoginClient.m */; };
		6B7014AC143A9C070023756C /* ex_security_SessionContextHolder.m in Sources */ = {isa = PBXBuildFile; fileRef = 6B932F8B143456C500834A1B /* ex_security_SessionContextHolder.m */; };
		6B7014AD143A9C0A0023756C /* ex_security_SessionRequest.m in Sources */ = {isa = PBXBuildFile; fileRef = 6B932F8D143456C500834A1B /* ex_security_SessionRequest.m */; };
		6B7014AE143A9C0F0023756C /* JBDependencyBinder.m in Sources */ = {isa = PBXBuildFile; fileRef = 6B932EA61433E22100834A1B /* JBDependencyBinder.m */; };
		6B701526143A9C7A0023756C /* QuartzCore.framework in Frameworks */ = {isa = PBXBuildFile; fileRef = 6B039BA21435D81B0036F9B5 /* QuartzCore.framework */; };
		6B701527143A9C7D0023756C /* MobileCoreServices.framework in Frameworks */ = {isa = PBXBuildFile; fileRef = 6B932F351433FA4000834A1B /* MobileCoreServices.framework */; };
		6B701528143A9C800023756C /* SystemConfiguration.framework in Frameworks */ = {isa = PBXBuildFile; fileRef = 6B932F2F1433F97900834A1B /* SystemConfiguration.framework */; };
		6B701529143A9C830023756C /* CFNetwork.framework in Frameworks */ = {isa = PBXBuildFile; fileRef = 6B932F311433F98400834A1B /* CFNetwork.framework */; };
		6B70152A143A9C870023756C /* libz.dylib in Frameworks */ = {isa = PBXBuildFile; fileRef = 6B932F271433F7CE00834A1B /* libz.dylib */; };
		6B70152C143A9C8B0023756C /* Cedar-iPhone.framework in Frameworks */ = {isa = PBXBuildFile; fileRef = 6B932EB31433E2E700834A1B /* Cedar-iPhone.framework */; };
		6B70152D143A9C8D0023756C /* OCHamcrest-iPhone.framework in Frameworks */ = {isa = PBXBuildFile; fileRef = 6B932EB41433E2E700834A1B /* OCHamcrest-iPhone.framework */; };
		6B70152E143A9C900023756C /* Objection-iOS.framework in Frameworks */ = {isa = PBXBuildFile; fileRef = 6B932EB11433E2D600834A1B /* Objection-iOS.framework */; };
		6B70152F143A9C930023756C /* libsqlite3.dylib in Frameworks */ = {isa = PBXBuildFile; fileRef = 6B6B65251432A07B00B584C1 /* libsqlite3.dylib */; };
		6B701530143A9C960023756C /* libxml2.dylib in Frameworks */ = {isa = PBXBuildFile; fileRef = 6B912278143299CA0031F7A8 /* libxml2.dylib */; };
		6B7C553B143ACD65001B1164 /* UIKit.framework in Frameworks */ = {isa = PBXBuildFile; fileRef = 6BCAFB9B14317B1C00575280 /* UIKit.framework */; };
		6B7C553C143ACD65001B1164 /* Foundation.framework in Frameworks */ = {isa = PBXBuildFile; fileRef = 6BCAFB9D14317B1C00575280 /* Foundation.framework */; };
		6B7C553D143ACD65001B1164 /* CoreGraphics.framework in Frameworks */ = {isa = PBXBuildFile; fileRef = 6BCAFB9F14317B1C00575280 /* CoreGraphics.framework */; };
		6B912279143299CA0031F7A8 /* libxml2.dylib in Frameworks */ = {isa = PBXBuildFile; fileRef = 6B912278143299CA0031F7A8 /* libxml2.dylib */; };
		6B932EAB1433E22100834A1B /* ex_security_XmlPostLoginClient.m in Sources */ = {isa = PBXBuildFile; fileRef = 6B932EA11433E22100834A1B /* ex_security_XmlPostLoginClient.m */; };
		6B932EAF1433E22100834A1B /* JBDependencyBinder.m in Sources */ = {isa = PBXBuildFile; fileRef = 6B932EA61433E22100834A1B /* JBDependencyBinder.m */; };
		6B932EB21433E2D600834A1B /* Objection-iOS.framework in Frameworks */ = {isa = PBXBuildFile; fileRef = 6B932EB11433E2D600834A1B /* Objection-iOS.framework */; };
		6B932F281433F7CE00834A1B /* libz.dylib in Frameworks */ = {isa = PBXBuildFile; fileRef = 6B932F271433F7CE00834A1B /* libz.dylib */; };
		6B932F301433F97900834A1B /* SystemConfiguration.framework in Frameworks */ = {isa = PBXBuildFile; fileRef = 6B932F2F1433F97900834A1B /* SystemConfiguration.framework */; };
		6B932F321433F98400834A1B /* CFNetwork.framework in Frameworks */ = {isa = PBXBuildFile; fileRef = 6B932F311433F98400834A1B /* CFNetwork.framework */; };
		6B932F361433FA4100834A1B /* MobileCoreServices.framework in Frameworks */ = {isa = PBXBuildFile; fileRef = 6B932F351433FA4000834A1B /* MobileCoreServices.framework */; };
		6B932F8E143456C500834A1B /* ex_security_SessionContextHolder.m in Sources */ = {isa = PBXBuildFile; fileRef = 6B932F8B143456C500834A1B /* ex_security_SessionContextHolder.m */; };
		6B932F90143456C500834A1B /* ex_security_SessionRequest.m in Sources */ = {isa = PBXBuildFile; fileRef = 6B932F8D143456C500834A1B /* ex_security_SessionRequest.m */; };
		6BC1607C1436AF3500E166F6 /* ActivityWindow.xib in Resources */ = {isa = PBXBuildFile; fileRef = 6BC1606B1436AF3500E166F6 /* ActivityWindow.xib */; };
		6BC1607E1436AF3500E166F6 /* brushed-metal2.png in Resources */ = {isa = PBXBuildFile; fileRef = 6BC1606C1436AF3500E166F6 /* brushed-metal2.png */; };
		6BC160801436AF3500E166F6 /* InfoPlist.strings in Resources */ = {isa = PBXBuildFile; fileRef = 6BC1606D1436AF3500E166F6 /* InfoPlist.strings */; };
		6BC160821436AF3500E166F6 /* MainWindow.xib in Resources */ = {isa = PBXBuildFile; fileRef = 6BC1606F1436AF3500E166F6 /* MainWindow.xib */; };
		6BC160861436AF3500E166F6 /* expanz_iOS_SDKAppDelegate.m in Sources */ = {isa = PBXBuildFile; fileRef = 6BC160741436AF3500E166F6 /* expanz_iOS_SDKAppDelegate.m */; };
		6BC160881436AF3500E166F6 /* expanz_ui_ActivityViewController.m in Sources */ = {isa = PBXBuildFile; fileRef = 6BC160761436AF3500E166F6 /* expanz_ui_ActivityViewController.m */; };
		6BC1608A1436AF3500E166F6 /* expanz_ui_LoginViewController.m in Sources */ = {isa = PBXBuildFile; fileRef = 6BC160781436AF3500E166F6 /* expanz_ui_LoginViewController.m */; };
		6BC1608C1436AF3500E166F6 /* loginBackground.png in Resources */ = {isa = PBXBuildFile; fileRef = 6BC160791436AF3500E166F6 /* loginBackground.png */; };
		6BC1608E1436AF3500E166F6 /* LoginWindow.xib in Resources */ = {isa = PBXBuildFile; fileRef = 6BC1607A1436AF3500E166F6 /* LoginWindow.xib */; };
		6BC160901436AF3500E166F6 /* main.m in Sources */ = {isa = PBXBuildFile; fileRef = 6BC1607B1436AF3500E166F6 /* main.m */; };
		6BCAFB9C14317B1C00575280 /* UIKit.framework in Frameworks */ = {isa = PBXBuildFile; fileRef = 6BCAFB9B14317B1C00575280 /* UIKit.framework */; };
		6BCAFB9E14317B1C00575280 /* Foundation.framework in Frameworks */ = {isa = PBXBuildFile; fileRef = 6BCAFB9D14317B1C00575280 /* Foundation.framework */; };
		6BCAFBA014317B1C00575280 /* CoreGraphics.framework in Frameworks */ = {isa = PBXBuildFile; fileRef = 6BCAFB9F14317B1C00575280 /* CoreGraphics.framework */; };
/* End PBXBuildFile section */

/* Begin PBXFileReference section */
		6B039BA21435D81B0036F9B5 /* QuartzCore.framework */ = {isa = PBXFileReference; lastKnownFileType = wrapper.framework; name = QuartzCore.framework; path = System/Library/Frameworks/QuartzCore.framework; sourceTree = SDKROOT; };
		6B3F48B3143ACDB8005C0A7A /* en */ = {isa = PBXFileReference; lastKnownFileType = text.plist.strings; name = en; path = en.lproj/InfoPlist.strings; sourceTree = "<group>"; };
		6B3F48B6143ACDB8005C0A7A /* main.m */ = {isa = PBXFileReference; fileEncoding = 4; lastKnownFileType = sourcecode.c.objc; path = main.m; sourceTree = "<group>"; };
		6B3F48B7143ACDB8005C0A7A /* RunIntegrationTests-Info.plist */ = {isa = PBXFileReference; fileEncoding = 4; lastKnownFileType = text.plist.xml; path = "RunIntegrationTests-Info.plist"; sourceTree = "<group>"; };
		6B3F48B8143ACDB8005C0A7A /* RunIntegrationTests-Prefix.pch */ = {isa = PBXFileReference; fileEncoding = 4; lastKnownFileType = sourcecode.c.h; path = "RunIntegrationTests-Prefix.pch"; sourceTree = "<group>"; };
		6B3F48C3143ACDCA005C0A7A /* ASIAuthenticationDialog.h */ = {isa = PBXFileReference; fileEncoding = 4; lastKnownFileType = sourcecode.c.h; path = ASIAuthenticationDialog.h; sourceTree = "<group>"; };
		6B3F48C4143ACDCA005C0A7A /* ASIAuthenticationDialog.m */ = {isa = PBXFileReference; fileEncoding = 4; lastKnownFileType = sourcecode.c.objc; path = ASIAuthenticationDialog.m; sourceTree = "<group>"; };
		6B3F48C5143ACDCA005C0A7A /* ASICacheDelegate.h */ = {isa = PBXFileReference; fileEncoding = 4; lastKnownFileType = sourcecode.c.h; path = ASICacheDelegate.h; sourceTree = "<group>"; };
		6B3F48C6143ACDCA005C0A7A /* ASIDataCompressor.h */ = {isa = PBXFileReference; fileEncoding = 4; lastKnownFileType = sourcecode.c.h; path = ASIDataCompressor.h; sourceTree = "<group>"; };
		6B3F48C7143ACDCA005C0A7A /* ASIDataCompressor.m */ = {isa = PBXFileReference; fileEncoding = 4; lastKnownFileType = sourcecode.c.objc; path = ASIDataCompressor.m; sourceTree = "<group>"; };
		6B3F48C8143ACDCA005C0A7A /* ASIDataDecompressor.h */ = {isa = PBXFileReference; fileEncoding = 4; lastKnownFileType = sourcecode.c.h; path = ASIDataDecompressor.h; sourceTree = "<group>"; };
		6B3F48C9143ACDCA005C0A7A /* ASIDataDecompressor.m */ = {isa = PBXFileReference; fileEncoding = 4; lastKnownFileType = sourcecode.c.objc; path = ASIDataDecompressor.m; sourceTree = "<group>"; };
		6B3F48CA143ACDCA005C0A7A /* ASIDownloadCache.h */ = {isa = PBXFileReference; fileEncoding = 4; lastKnownFileType = sourcecode.c.h; path = ASIDownloadCache.h; sourceTree = "<group>"; };
		6B3F48CB143ACDCA005C0A7A /* ASIDownloadCache.m */ = {isa = PBXFileReference; fileEncoding = 4; lastKnownFileType = sourcecode.c.objc; path = ASIDownloadCache.m; sourceTree = "<group>"; };
		6B3F48CC143ACDCA005C0A7A /* ASIFormDataRequest.h */ = {isa = PBXFileReference; fileEncoding = 4; lastKnownFileType = sourcecode.c.h; path = ASIFormDataRequest.h; sourceTree = "<group>"; };
		6B3F48CD143ACDCA005C0A7A /* ASIFormDataRequest.m */ = {isa = PBXFileReference; fileEncoding = 4; lastKnownFileType = sourcecode.c.objc; path = ASIFormDataRequest.m; sourceTree = "<group>"; };
		6B3F48CE143ACDCA005C0A7A /* ASIHTTPRequest.h */ = {isa = PBXFileReference; fileEncoding = 4; lastKnownFileType = sourcecode.c.h; path = ASIHTTPRequest.h; sourceTree = "<group>"; };
		6B3F48CF143ACDCA005C0A7A /* ASIHTTPRequest.m */ = {isa = PBXFileReference; fileEncoding = 4; lastKnownFileType = sourcecode.c.objc; path = ASIHTTPRequest.m; sourceTree = "<group>"; };
		6B3F48D0143ACDCA005C0A7A /* ASIHTTPRequestConfig.h */ = {isa = PBXFileReference; fileEncoding = 4; lastKnownFileType = sourcecode.c.h; path = ASIHTTPRequestConfig.h; sourceTree = "<group>"; };
		6B3F48D1143ACDCA005C0A7A /* ASIHTTPRequestDelegate.h */ = {isa = PBXFileReference; fileEncoding = 4; lastKnownFileType = sourcecode.c.h; path = ASIHTTPRequestDelegate.h; sourceTree = "<group>"; };
		6B3F48D2143ACDCA005C0A7A /* ASIInputStream.h */ = {isa = PBXFileReference; fileEncoding = 4; lastKnownFileType = sourcecode.c.h; path = ASIInputStream.h; sourceTree = "<group>"; };
		6B3F48D3143ACDCA005C0A7A /* ASIInputStream.m */ = {isa = PBXFileReference; fileEncoding = 4; lastKnownFileType = sourcecode.c.objc; path = ASIInputStream.m; sourceTree = "<group>"; };
		6B3F48D4143ACDCA005C0A7A /* ASINetworkQueue.h */ = {isa = PBXFileReference; fileEncoding = 4; lastKnownFileType = sourcecode.c.h; path = ASINetworkQueue.h; sourceTree = "<group>"; };
		6B3F48D5143ACDCA005C0A7A /* ASINetworkQueue.m */ = {isa = PBXFileReference; fileEncoding = 4; lastKnownFileType = sourcecode.c.objc; path = ASINetworkQueue.m; sourceTree = "<group>"; };
		6B3F48D6143ACDCA005C0A7A /* ASIProgressDelegate.h */ = {isa = PBXFileReference; fileEncoding = 4; lastKnownFileType = sourcecode.c.h; path = ASIProgressDelegate.h; sourceTree = "<group>"; };
		6B3F48D8143ACDCA005C0A7A /* ASIWebPageRequest.h */ = {isa = PBXFileReference; fileEncoding = 4; lastKnownFileType = sourcecode.c.h; path = ASIWebPageRequest.h; sourceTree = "<group>"; };
		6B3F48D9143ACDCA005C0A7A /* ASIWebPageRequest.m */ = {isa = PBXFileReference; fileEncoding = 4; lastKnownFileType = sourcecode.c.objc; path = ASIWebPageRequest.m; sourceTree = "<group>"; };
		6B3F48DB143ACDCA005C0A7A /* ASICloudFilesCDNRequest.h */ = {isa = PBXFileReference; fileEncoding = 4; lastKnownFileType = sourcecode.c.h; path = ASICloudFilesCDNRequest.h; sourceTree = "<group>"; };
		6B3F48DC143ACDCA005C0A7A /* ASICloudFilesCDNRequest.m */ = {isa = PBXFileReference; fileEncoding = 4; lastKnownFileType = sourcecode.c.objc; path = ASICloudFilesCDNRequest.m; sourceTree = "<group>"; };
		6B3F48DD143ACDCA005C0A7A /* ASICloudFilesContainer.h */ = {isa = PBXFileReference; fileEncoding = 4; lastKnownFileType = sourcecode.c.h; path = ASICloudFilesContainer.h; sourceTree = "<group>"; };
		6B3F48DE143ACDCA005C0A7A /* ASICloudFilesContainer.m */ = {isa = PBXFileReference; fileEncoding = 4; lastKnownFileType = sourcecode.c.objc; path = ASICloudFilesContainer.m; sourceTree = "<group>"; };
		6B3F48DF143ACDCA005C0A7A /* ASICloudFilesContainerRequest.h */ = {isa = PBXFileReference; fileEncoding = 4; lastKnownFileType = sourcecode.c.h; path = ASICloudFilesContainerRequest.h; sourceTree = "<group>"; };
		6B3F48E0143ACDCA005C0A7A /* ASICloudFilesContainerRequest.m */ = {isa = PBXFileReference; fileEncoding = 4; lastKnownFileType = sourcecode.c.objc; path = ASICloudFilesContainerRequest.m; sourceTree = "<group>"; };
		6B3F48E1143ACDCA005C0A7A /* ASICloudFilesContainerXMLParserDelegate.h */ = {isa = PBXFileReference; fileEncoding = 4; lastKnownFileType = sourcecode.c.h; path = ASICloudFilesContainerXMLParserDelegate.h; sourceTree = "<group>"; };
		6B3F48E2143ACDCA005C0A7A /* ASICloudFilesContainerXMLParserDelegate.m */ = {isa = PBXFileReference; fileEncoding = 4; lastKnownFileType = sourcecode.c.objc; path = ASICloudFilesContainerXMLParserDelegate.m; sourceTree = "<group>"; };
		6B3F48E3143ACDCA005C0A7A /* ASICloudFilesObject.h */ = {isa = PBXFileReference; fileEncoding = 4; lastKnownFileType = sourcecode.c.h; path = ASICloudFilesObject.h; sourceTree = "<group>"; };
		6B3F48E4143ACDCA005C0A7A /* ASICloudFilesObject.m */ = {isa = PBXFileReference; fileEncoding = 4; lastKnownFileType = sourcecode.c.objc; path = ASICloudFilesObject.m; sourceTree = "<group>"; };
		6B3F48E5143ACDCA005C0A7A /* ASICloudFilesObjectRequest.h */ = {isa = PBXFileReference; fileEncoding = 4; lastKnownFileType = sourcecode.c.h; path = ASICloudFilesObjectRequest.h; sourceTree = "<group>"; };
		6B3F48E6143ACDCA005C0A7A /* ASICloudFilesObjectRequest.m */ = {isa = PBXFileReference; fileEncoding = 4; lastKnownFileType = sourcecode.c.objc; path = ASICloudFilesObjectRequest.m; sourceTree = "<group>"; };
		6B3F48E7143ACDCA005C0A7A /* ASICloudFilesRequest.h */ = {isa = PBXFileReference; fileEncoding = 4; lastKnownFileType = sourcecode.c.h; path = ASICloudFilesRequest.h; sourceTree = "<group>"; };
		6B3F48E8143ACDCA005C0A7A /* ASICloudFilesRequest.m */ = {isa = PBXFileReference; fileEncoding = 4; lastKnownFileType = sourcecode.c.objc; path = ASICloudFilesRequest.m; sourceTree = "<group>"; };
		6B3F48EA143ACDCA005C0A7A /* ASINSXMLParserCompat.h */ = {isa = PBXFileReference; fileEncoding = 4; lastKnownFileType = sourcecode.c.h; path = ASINSXMLParserCompat.h; sourceTree = "<group>"; };
		6B3F48EB143ACDCA005C0A7A /* ASIS3Bucket.h */ = {isa = PBXFileReference; fileEncoding = 4; lastKnownFileType = sourcecode.c.h; path = ASIS3Bucket.h; sourceTree = "<group>"; };
		6B3F48EC143ACDCA005C0A7A /* ASIS3Bucket.m */ = {isa = PBXFileReference; fileEncoding = 4; lastKnownFileType = sourcecode.c.objc; path = ASIS3Bucket.m; sourceTree = "<group>"; };
		6B3F48ED143ACDCA005C0A7A /* ASIS3BucketObject.h */ = {isa = PBXFileReference; fileEncoding = 4; lastKnownFileType = sourcecode.c.h; path = ASIS3BucketObject.h; sourceTree = "<group>"; };
		6B3F48EE143ACDCA005C0A7A /* ASIS3BucketObject.m */ = {isa = PBXFileReference; fileEncoding = 4; lastKnownFileType = sourcecode.c.objc; path = ASIS3BucketObject.m; sourceTree = "<group>"; };
		6B3F48EF143ACDCA005C0A7A /* ASIS3BucketRequest.h */ = {isa = PBXFileReference; fileEncoding = 4; lastKnownFileType = sourcecode.c.h; path = ASIS3BucketRequest.h; sourceTree = "<group>"; };
		6B3F48F0143ACDCA005C0A7A /* ASIS3BucketRequest.m */ = {isa = PBXFileReference; fileEncoding = 4; lastKnownFileType = sourcecode.c.objc; path = ASIS3BucketRequest.m; sourceTree = "<group>"; };
		6B3F48F1143ACDCA005C0A7A /* ASIS3ObjectRequest.h */ = {isa = PBXFileReference; fileEncoding = 4; lastKnownFileType = sourcecode.c.h; path = ASIS3ObjectRequest.h; sourceTree = "<group>"; };
		6B3F48F2143ACDCA005C0A7A /* ASIS3ObjectRequest.m */ = {isa = PBXFileReference; fileEncoding = 4; lastKnownFileType = sourcecode.c.objc; path = ASIS3ObjectRequest.m; sourceTree = "<group>"; };
		6B3F48F3143ACDCA005C0A7A /* ASIS3Request.h */ = {isa = PBXFileReference; fileEncoding = 4; lastKnownFileType = sourcecode.c.h; path = ASIS3Request.h; sourceTree = "<group>"; };
		6B3F48F4143ACDCA005C0A7A /* ASIS3Request.m */ = {isa = PBXFileReference; fileEncoding = 4; lastKnownFileType = sourcecode.c.objc; path = ASIS3Request.m; sourceTree = "<group>"; };
		6B3F48F5143ACDCA005C0A7A /* ASIS3ServiceRequest.h */ = {isa = PBXFileReference; fileEncoding = 4; lastKnownFileType = sourcecode.c.h; path = ASIS3ServiceRequest.h; sourceTree = "<group>"; };
		6B3F48F6143ACDCA005C0A7A /* ASIS3ServiceRequest.m */ = {isa = PBXFileReference; fileEncoding = 4; lastKnownFileType = sourcecode.c.objc; path = ASIS3ServiceRequest.m; sourceTree = "<group>"; };
		6B3F48F9143ACDCA005C0A7A /* Logging.h */ = {isa = PBXFileReference; fileEncoding = 4; lastKnownFileType = sourcecode.c.h; path = Logging.h; sourceTree = "<group>"; };
		6B3F48FB143ACDCA005C0A7A /* NSDataAdditions.h */ = {isa = PBXFileReference; fileEncoding = 4; lastKnownFileType = sourcecode.c.h; path = NSDataAdditions.h; sourceTree = "<group>"; };
		6B3F48FC143ACDCA005C0A7A /* NSDataAdditions.m */ = {isa = PBXFileReference; fileEncoding = 4; lastKnownFileType = sourcecode.c.objc; path = NSDataAdditions.m; sourceTree = "<group>"; };
		6B3F48FD143ACDCA005C0A7A /* RXMLElement.h */ = {isa = PBXFileReference; fileEncoding = 4; lastKnownFileType = sourcecode.c.h; path = RXMLElement.h; sourceTree = "<group>"; };
		6B3F48FE143ACDCA005C0A7A /* RXMLElement.m */ = {isa = PBXFileReference; fileEncoding = 4; lastKnownFileType = sourcecode.c.objc; path = RXMLElement.m; sourceTree = "<group>"; };
		6B3F48FF143ACDCA005C0A7A /* TBXML.h */ = {isa = PBXFileReference; fileEncoding = 4; lastKnownFileType = sourcecode.c.h; path = TBXML.h; sourceTree = "<group>"; };
		6B3F4900143ACDCA005C0A7A /* TBXML.m */ = {isa = PBXFileReference; fileEncoding = 4; lastKnownFileType = sourcecode.c.objc; path = TBXML.m; sourceTree = "<group>"; };
		6B3F4902143ACDCA005C0A7A /* Reachability.h */ = {isa = PBXFileReference; fileEncoding = 4; lastKnownFileType = sourcecode.c.h; path = Reachability.h; sourceTree = "<group>"; };
		6B3F4903143ACDCA005C0A7A /* Reachability.m */ = {isa = PBXFileReference; fileEncoding = 4; lastKnownFileType = sourcecode.c.objc; path = Reachability.m; sourceTree = "<group>"; };
		6B6B65251432A07B00B584C1 /* libsqlite3.dylib */ = {isa = PBXFileReference; lastKnownFileType = "compiled.mach-o.dylib"; name = libsqlite3.dylib; path = usr/lib/libsqlite3.dylib; sourceTree = SDKROOT; };
		6B701480143A9A900023756C /* RunUnitTests.app */ = {isa = PBXFileReference; explicitFileType = wrapper.application; includeInIndex = 0; path = RunUnitTests.app; sourceTree = BUILT_PRODUCTS_DIR; };
		6B701499143A9AC60023756C /* en */ = {isa = PBXFileReference; lastKnownFileType = text.plist.strings; name = en; path = en.lproj/InfoPlist.strings; sourceTree = "<group>"; };
		6B70149C143A9AC60023756C /* main.m */ = {isa = PBXFileReference; fileEncoding = 4; lastKnownFileType = sourcecode.c.objc; path = main.m; sourceTree = "<group>"; };
		6B70149D143A9AC60023756C /* RunUnitTests-Info.plist */ = {isa = PBXFileReference; fileEncoding = 4; lastKnownFileType = text.plist.xml; path = "RunUnitTests-Info.plist"; sourceTree = "<group>"; };
		6B70149E143A9AC60023756C /* RunUnitTests-Prefix.pch */ = {isa = PBXFileReference; fileEncoding = 4; lastKnownFileType = sourcecode.c.h; path = "RunUnitTests-Prefix.pch"; sourceTree = "<group>"; };
		6B701531143A9D920023756C /* SpecHelper.h */ = {isa = PBXFileReference; fileEncoding = 4; lastKnownFileType = sourcecode.c.h; path = SpecHelper.h; sourceTree = "<group>"; };
		6B7C5539143ACD65001B1164 /* RunIntegrationTests.app */ = {isa = PBXFileReference; explicitFileType = wrapper.application; includeInIndex = 0; path = RunIntegrationTests.app; sourceTree = BUILT_PRODUCTS_DIR; };
		6B86AD8C1435B65400AA7FD5 /* XmlPostLoginClientSpec.m */ = {isa = PBXFileReference; fileEncoding = 4; lastKnownFileType = sourcecode.c.objc; path = XmlPostLoginClientSpec.m; sourceTree = "<group>"; };
		6B86AD901435B94A00AA7FD5 /* SessionContextHolderSpec.m */ = {isa = PBXFileReference; fileEncoding = 4; lastKnownFileType = sourcecode.c.objc; path = SessionContextHolderSpec.m; sourceTree = "<group>"; };
		6B912278143299CA0031F7A8 /* libxml2.dylib */ = {isa = PBXFileReference; lastKnownFileType = "compiled.mach-o.dylib"; name = libxml2.dylib; path = usr/lib/libxml2.dylib; sourceTree = SDKROOT; };
		6B932E9F1433E22100834A1B /* ex_security_LoginClient.h */ = {isa = PBXFileReference; fileEncoding = 4; lastKnownFileType = sourcecode.c.h; path = ex_security_LoginClient.h; sourceTree = "<group>"; };
		6B932EA01433E22100834A1B /* ex_security_XmlPostLoginClient.h */ = {isa = PBXFileReference; fileEncoding = 4; lastKnownFileType = sourcecode.c.h; path = ex_security_XmlPostLoginClient.h; sourceTree = "<group>"; };
		6B932EA11433E22100834A1B /* ex_security_XmlPostLoginClient.m */ = {isa = PBXFileReference; fileEncoding = 4; lastKnownFileType = sourcecode.c.objc; path = ex_security_XmlPostLoginClient.m; sourceTree = "<group>"; };
		6B932EA51433E22100834A1B /* JBDependencyBinder.h */ = {isa = PBXFileReference; fileEncoding = 4; lastKnownFileType = sourcecode.c.h; path = JBDependencyBinder.h; sourceTree = "<group>"; };
		6B932EA61433E22100834A1B /* JBDependencyBinder.m */ = {isa = PBXFileReference; fileEncoding = 4; lastKnownFileType = sourcecode.c.objc; path = JBDependencyBinder.m; sourceTree = "<group>"; };
		6B932EA71433E22100834A1B /* JBPackageVoodoo.h */ = {isa = PBXFileReference; fileEncoding = 4; lastKnownFileType = sourcecode.c.h; path = JBPackageVoodoo.h; sourceTree = "<group>"; };
		6B932EA81433E22100834A1B /* JBServiceLocator.h */ = {isa = PBXFileReference; fileEncoding = 4; lastKnownFileType = sourcecode.c.h; path = JBServiceLocator.h; sourceTree = "<group>"; };
		6B932EB11433E2D600834A1B /* Objection-iOS.framework */ = {isa = PBXFileReference; lastKnownFileType = wrapper.framework; name = "Objection-iOS.framework"; path = "Dependencies/Frameworks/Objection-iOS.framework"; sourceTree = "<group>"; };
		6B932EB31433E2E700834A1B /* Cedar-iPhone.framework */ = {isa = PBXFileReference; lastKnownFileType = wrapper.framework; name = "Cedar-iPhone.framework"; path = "Dependencies/Frameworks/Cedar-iPhone.framework"; sourceTree = "<group>"; };
		6B932EB41433E2E700834A1B /* OCHamcrest-iPhone.framework */ = {isa = PBXFileReference; lastKnownFileType = wrapper.framework; name = "OCHamcrest-iPhone.framework"; path = "Dependencies/Frameworks/OCHamcrest-iPhone.framework"; sourceTree = "<group>"; };
		6B932F271433F7CE00834A1B /* libz.dylib */ = {isa = PBXFileReference; lastKnownFileType = "compiled.mach-o.dylib"; name = libz.dylib; path = usr/lib/libz.dylib; sourceTree = SDKROOT; };
		6B932F2F1433F97900834A1B /* SystemConfiguration.framework */ = {isa = PBXFileReference; lastKnownFileType = wrapper.framework; name = SystemConfiguration.framework; path = System/Library/Frameworks/SystemConfiguration.framework; sourceTree = SDKROOT; };
		6B932F311433F98400834A1B /* CFNetwork.framework */ = {isa = PBXFileReference; lastKnownFileType = wrapper.framework; name = CFNetwork.framework; path = System/Library/Frameworks/CFNetwork.framework; sourceTree = SDKROOT; };
		6B932F351433FA4000834A1B /* MobileCoreServices.framework */ = {isa = PBXFileReference; lastKnownFileType = wrapper.framework; name = MobileCoreServices.framework; path = System/Library/Frameworks/MobileCoreServices.framework; sourceTree = SDKROOT; };
		6B932F7F1434513700834A1B /* SessionRequestSpec.m */ = {isa = PBXFileReference; fileEncoding = 4; lastKnownFileType = sourcecode.c.objc; path = SessionRequestSpec.m; sourceTree = "<group>"; };
		6B932F8A143456C500834A1B /* ex_security_SessionContextHolder.h */ = {isa = PBXFileReference; fileEncoding = 4; lastKnownFileType = sourcecode.c.h; path = ex_security_SessionContextHolder.h; sourceTree = "<group>"; };
		6B932F8B143456C500834A1B /* ex_security_SessionContextHolder.m */ = {isa = PBXFileReference; fileEncoding = 4; lastKnownFileType = sourcecode.c.objc; path = ex_security_SessionContextHolder.m; sourceTree = "<group>"; };
		6B932F8C143456C500834A1B /* ex_security_SessionRequest.h */ = {isa = PBXFileReference; fileEncoding = 4; lastKnownFileType = sourcecode.c.h; path = ex_security_SessionRequest.h; sourceTree = "<group>"; };
		6B932F8D143456C500834A1B /* ex_security_SessionRequest.m */ = {isa = PBXFileReference; fileEncoding = 4; lastKnownFileType = sourcecode.c.objc; path = ex_security_SessionRequest.m; sourceTree = "<group>"; };
		6BC1606B1436AF3500E166F6 /* ActivityWindow.xib */ = {isa = PBXFileReference; fileEncoding = 4; lastKnownFileType = file.xib; path = ActivityWindow.xib; sourceTree = "<group>"; };
		6BC1606C1436AF3500E166F6 /* brushed-metal2.png */ = {isa = PBXFileReference; lastKnownFileType = image.png; path = "brushed-metal2.png"; sourceTree = "<group>"; };
		6BC1606E1436AF3500E166F6 /* en */ = {isa = PBXFileReference; lastKnownFileType = text.plist.strings; name = en; path = en.lproj/InfoPlist.strings; sourceTree = "<group>"; };
		6BC160701436AF3500E166F6 /* en */ = {isa = PBXFileReference; lastKnownFileType = file.xib; name = en; path = en.lproj/MainWindow.xib; sourceTree = "<group>"; };
		6BC160711436AF3500E166F6 /* expanz-iOS-SDK-Info.plist */ = {isa = PBXFileReference; fileEncoding = 4; lastKnownFileType = text.plist.xml; path = "expanz-iOS-SDK-Info.plist"; sourceTree = "<group>"; };
		6BC160721436AF3500E166F6 /* expanz-iOS-SDK-Prefix.pch */ = {isa = PBXFileReference; fileEncoding = 4; lastKnownFileType = sourcecode.c.h; path = "expanz-iOS-SDK-Prefix.pch"; sourceTree = "<group>"; };
		6BC160731436AF3500E166F6 /* expanz_iOS_SDKAppDelegate.h */ = {isa = PBXFileReference; fileEncoding = 4; lastKnownFileType = sourcecode.c.h; path = expanz_iOS_SDKAppDelegate.h; sourceTree = "<group>"; };
		6BC160741436AF3500E166F6 /* expanz_iOS_SDKAppDelegate.m */ = {isa = PBXFileReference; fileEncoding = 4; lastKnownFileType = sourcecode.c.objc; path = expanz_iOS_SDKAppDelegate.m; sourceTree = "<group>"; };
		6BC160751436AF3500E166F6 /* expanz_ui_ActivityViewController.h */ = {isa = PBXFileReference; fileEncoding = 4; lastKnownFileType = sourcecode.c.h; path = expanz_ui_ActivityViewController.h; sourceTree = "<group>"; };
		6BC160761436AF3500E166F6 /* expanz_ui_ActivityViewController.m */ = {isa = PBXFileReference; fileEncoding = 4; lastKnownFileType = sourcecode.c.objc; path = expanz_ui_ActivityViewController.m; sourceTree = "<group>"; };
		6BC160771436AF3500E166F6 /* expanz_ui_LoginViewController.h */ = {isa = PBXFileReference; fileEncoding = 4; lastKnownFileType = sourcecode.c.h; path = expanz_ui_LoginViewController.h; sourceTree = "<group>"; };
		6BC160781436AF3500E166F6 /* expanz_ui_LoginViewController.m */ = {isa = PBXFileReference; fileEncoding = 4; lastKnownFileType = sourcecode.c.objc; path = expanz_ui_LoginViewController.m; sourceTree = "<group>"; };
		6BC160791436AF3500E166F6 /* loginBackground.png */ = {isa = PBXFileReference; lastKnownFileType = image.png; path = loginBackground.png; sourceTree = "<group>"; };
		6BC1607A1436AF3500E166F6 /* LoginWindow.xib */ = {isa = PBXFileReference; fileEncoding = 4; lastKnownFileType = file.xib; path = LoginWindow.xib; sourceTree = "<group>"; };
		6BC1607B1436AF3500E166F6 /* main.m */ = {isa = PBXFileReference; fileEncoding = 4; lastKnownFileType = sourcecode.c.objc; path = main.m; sourceTree = "<group>"; };
		6BCAFB9714317B1C00575280 /* expanz-iOS-SDK.app */ = {isa = PBXFileReference; explicitFileType = wrapper.application; includeInIndex = 0; path = "expanz-iOS-SDK.app"; sourceTree = BUILT_PRODUCTS_DIR; };
		6BCAFB9B14317B1C00575280 /* UIKit.framework */ = {isa = PBXFileReference; lastKnownFileType = wrapper.framework; name = UIKit.framework; path = System/Library/Frameworks/UIKit.framework; sourceTree = SDKROOT; };
		6BCAFB9D14317B1C00575280 /* Foundation.framework */ = {isa = PBXFileReference; lastKnownFileType = wrapper.framework; name = Foundation.framework; path = System/Library/Frameworks/Foundation.framework; sourceTree = SDKROOT; };
		6BCAFB9F14317B1C00575280 /* CoreGraphics.framework */ = {isa = PBXFileReference; lastKnownFileType = wrapper.framework; name = CoreGraphics.framework; path = System/Library/Frameworks/CoreGraphics.framework; sourceTree = SDKROOT; };
/* End PBXFileReference section */

/* Begin PBXFrameworksBuildPhase section */
		6B70147D143A9A900023756C /* Frameworks */ = {
			isa = PBXFrameworksBuildPhase;
			buildActionMask = 2147483647;
			files = (
				6B701482143A9A900023756C /* UIKit.framework in Frameworks */,
				6B701483143A9A900023756C /* Foundation.framework in Frameworks */,
				6B701484143A9A900023756C /* CoreGraphics.framework in Frameworks */,
				6B701526143A9C7A0023756C /* QuartzCore.framework in Frameworks */,
				6B701527143A9C7D0023756C /* MobileCoreServices.framework in Frameworks */,
				6B701528143A9C800023756C /* SystemConfiguration.framework in Frameworks */,
				6B701529143A9C830023756C /* CFNetwork.framework in Frameworks */,
				6B70152A143A9C870023756C /* libz.dylib in Frameworks */,
				6B70152C143A9C8B0023756C /* Cedar-iPhone.framework in Frameworks */,
				6B70152D143A9C8D0023756C /* OCHamcrest-iPhone.framework in Frameworks */,
				6B70152E143A9C900023756C /* Objection-iOS.framework in Frameworks */,
				6B70152F143A9C930023756C /* libsqlite3.dylib in Frameworks */,
				6B701530143A9C960023756C /* libxml2.dylib in Frameworks */,
			);
			runOnlyForDeploymentPostprocessing = 0;
		};
		6B7C5536143ACD65001B1164 /* Frameworks */ = {
			isa = PBXFrameworksBuildPhase;
			buildActionMask = 2147483647;
			files = (
				6B7C553B143ACD65001B1164 /* UIKit.framework in Frameworks */,
				6B7C553C143ACD65001B1164 /* Foundation.framework in Frameworks */,
				6B7C553D143ACD65001B1164 /* CoreGraphics.framework in Frameworks */,
				6B3F4953143ACDE5005C0A7A /* QuartzCore.framework in Frameworks */,
				6B3F4954143ACDE8005C0A7A /* MobileCoreServices.framework in Frameworks */,
				6B3F4955143ACDEB005C0A7A /* SystemConfiguration.framework in Frameworks */,
				6B3F4956143ACDEE005C0A7A /* CFNetwork.framework in Frameworks */,
				6B3F4957143ACDF1005C0A7A /* libz.dylib in Frameworks */,
				6B3F4958143ACDF4005C0A7A /* Cedar-iPhone.framework in Frameworks */,
				6B3F4959143ACDF7005C0A7A /* OCHamcrest-iPhone.framework in Frameworks */,
				6B3F495A143ACDFA005C0A7A /* Objection-iOS.framework in Frameworks */,
				6B3F495B143ACDFF005C0A7A /* libsqlite3.dylib in Frameworks */,
				6B3F495C143ACE02005C0A7A /* libxml2.dylib in Frameworks */,
			);
			runOnlyForDeploymentPostprocessing = 0;
		};
		6BCAFB9414317B1B00575280 /* Frameworks */ = {
			isa = PBXFrameworksBuildPhase;
			buildActionMask = 2147483647;
			files = (
				6B039BA31435D81B0036F9B5 /* QuartzCore.framework in Frameworks */,
				6B932F361433FA4100834A1B /* MobileCoreServices.framework in Frameworks */,
				6B932F321433F98400834A1B /* CFNetwork.framework in Frameworks */,
				6B932F301433F97900834A1B /* SystemConfiguration.framework in Frameworks */,
				6BCAFB9C14317B1C00575280 /* UIKit.framework in Frameworks */,
				6BCAFB9E14317B1C00575280 /* Foundation.framework in Frameworks */,
				6BCAFBA014317B1C00575280 /* CoreGraphics.framework in Frameworks */,
				6B912279143299CA0031F7A8 /* libxml2.dylib in Frameworks */,
				6B6B65261432A07B00B584C1 /* libsqlite3.dylib in Frameworks */,
				6B932EB21433E2D600834A1B /* Objection-iOS.framework in Frameworks */,
				6B932F281433F7CE00834A1B /* libz.dylib in Frameworks */,
			);
			runOnlyForDeploymentPostprocessing = 0;
		};
/* End PBXFrameworksBuildPhase section */

/* Begin PBXGroup section */
		6B3F48B1143ACDB8005C0A7A /* RunIntegrationTests */ = {
			isa = PBXGroup;
			children = (
				6B3F48B2143ACDB8005C0A7A /* InfoPlist.strings */,
				6B3F48B6143ACDB8005C0A7A /* main.m */,
				6B3F48B7143ACDB8005C0A7A /* RunIntegrationTests-Info.plist */,
				6B3F48B8143ACDB8005C0A7A /* RunIntegrationTests-Prefix.pch */,
			);
			path = RunIntegrationTests;
			sourceTree = "<group>";
		};
		6B3F48C1143ACDCA005C0A7A /* External */ = {
			isa = PBXGroup;
			children = (
				6B3F48C2143ACDCA005C0A7A /* ASIHTTPRequest */,
				6B3F48F8143ACDCA005C0A7A /* Flexible-iOS-Logging-1.0 */,
				6B3F48FA143ACDCA005C0A7A /* RaptureXML */,
				6B3F4901143ACDCA005C0A7A /* Reachability */,
			);
			name = External;
			path = Dependencies/External;
			sourceTree = "<group>";
		};
		6B3F48C2143ACDCA005C0A7A /* ASIHTTPRequest */ = {
			isa = PBXGroup;
			children = (
				6B3F48C3143ACDCA005C0A7A /* ASIAuthenticationDialog.h */,
				6B3F48C4143ACDCA005C0A7A /* ASIAuthenticationDialog.m */,
				6B3F48C5143ACDCA005C0A7A /* ASICacheDelegate.h */,
				6B3F48C6143ACDCA005C0A7A /* ASIDataCompressor.h */,
				6B3F48C7143ACDCA005C0A7A /* ASIDataCompressor.m */,
				6B3F48C8143ACDCA005C0A7A /* ASIDataDecompressor.h */,
				6B3F48C9143ACDCA005C0A7A /* ASIDataDecompressor.m */,
				6B3F48CA143ACDCA005C0A7A /* ASIDownloadCache.h */,
				6B3F48CB143ACDCA005C0A7A /* ASIDownloadCache.m */,
				6B3F48CC143ACDCA005C0A7A /* ASIFormDataRequest.h */,
				6B3F48CD143ACDCA005C0A7A /* ASIFormDataRequest.m */,
				6B3F48CE143ACDCA005C0A7A /* ASIHTTPRequest.h */,
				6B3F48CF143ACDCA005C0A7A /* ASIHTTPRequest.m */,
				6B3F48D0143ACDCA005C0A7A /* ASIHTTPRequestConfig.h */,
				6B3F48D1143ACDCA005C0A7A /* ASIHTTPRequestDelegate.h */,
				6B3F48D2143ACDCA005C0A7A /* ASIInputStream.h */,
				6B3F48D3143ACDCA005C0A7A /* ASIInputStream.m */,
				6B3F48D4143ACDCA005C0A7A /* ASINetworkQueue.h */,
				6B3F48D5143ACDCA005C0A7A /* ASINetworkQueue.m */,
				6B3F48D6143ACDCA005C0A7A /* ASIProgressDelegate.h */,
				6B3F48D7143ACDCA005C0A7A /* ASIWebPageRequest */,
				6B3F48DA143ACDCA005C0A7A /* CloudFiles */,
				6B3F48E9143ACDCA005C0A7A /* S3 */,
				6B3F48F7143ACDCA005C0A7A /* Tests */,
			);
			path = ASIHTTPRequest;
			sourceTree = "<group>";
		};
		6B3F48D7143ACDCA005C0A7A /* ASIWebPageRequest */ = {
			isa = PBXGroup;
			children = (
				6B3F48D8143ACDCA005C0A7A /* ASIWebPageRequest.h */,
				6B3F48D9143ACDCA005C0A7A /* ASIWebPageRequest.m */,
			);
			path = ASIWebPageRequest;
			sourceTree = "<group>";
		};
		6B3F48DA143ACDCA005C0A7A /* CloudFiles */ = {
			isa = PBXGroup;
			children = (
				6B3F48DB143ACDCA005C0A7A /* ASICloudFilesCDNRequest.h */,
				6B3F48DC143ACDCA005C0A7A /* ASICloudFilesCDNRequest.m */,
				6B3F48DD143ACDCA005C0A7A /* ASICloudFilesContainer.h */,
				6B3F48DE143ACDCA005C0A7A /* ASICloudFilesContainer.m */,
				6B3F48DF143ACDCA005C0A7A /* ASICloudFilesContainerRequest.h */,
				6B3F48E0143ACDCA005C0A7A /* ASICloudFilesContainerRequest.m */,
				6B3F48E1143ACDCA005C0A7A /* ASICloudFilesContainerXMLParserDelegate.h */,
				6B3F48E2143ACDCA005C0A7A /* ASICloudFilesContainerXMLParserDelegate.m */,
				6B3F48E3143ACDCA005C0A7A /* ASICloudFilesObject.h */,
				6B3F48E4143ACDCA005C0A7A /* ASICloudFilesObject.m */,
				6B3F48E5143ACDCA005C0A7A /* ASICloudFilesObjectRequest.h */,
				6B3F48E6143ACDCA005C0A7A /* ASICloudFilesObjectRequest.m */,
				6B3F48E7143ACDCA005C0A7A /* ASICloudFilesRequest.h */,
				6B3F48E8143ACDCA005C0A7A /* ASICloudFilesRequest.m */,
			);
			path = CloudFiles;
			sourceTree = "<group>";
		};
		6B3F48E9143ACDCA005C0A7A /* S3 */ = {
			isa = PBXGroup;
			children = (
				6B3F48EA143ACDCA005C0A7A /* ASINSXMLParserCompat.h */,
				6B3F48EB143ACDCA005C0A7A /* ASIS3Bucket.h */,
				6B3F48EC143ACDCA005C0A7A /* ASIS3Bucket.m */,
				6B3F48ED143ACDCA005C0A7A /* ASIS3BucketObject.h */,
				6B3F48EE143ACDCA005C0A7A /* ASIS3BucketObject.m */,
				6B3F48EF143ACDCA005C0A7A /* ASIS3BucketRequest.h */,
				6B3F48F0143ACDCA005C0A7A /* ASIS3BucketRequest.m */,
				6B3F48F1143ACDCA005C0A7A /* ASIS3ObjectRequest.h */,
				6B3F48F2143ACDCA005C0A7A /* ASIS3ObjectRequest.m */,
				6B3F48F3143ACDCA005C0A7A /* ASIS3Request.h */,
				6B3F48F4143ACDCA005C0A7A /* ASIS3Request.m */,
				6B3F48F5143ACDCA005C0A7A /* ASIS3ServiceRequest.h */,
				6B3F48F6143ACDCA005C0A7A /* ASIS3ServiceRequest.m */,
			);
			path = S3;
			sourceTree = "<group>";
		};
		6B3F48F7143ACDCA005C0A7A /* Tests */ = {
			isa = PBXGroup;
			children = (
			);
			path = Tests;
			sourceTree = "<group>";
		};
		6B3F48F8143ACDCA005C0A7A /* Flexible-iOS-Logging-1.0 */ = {
			isa = PBXGroup;
			children = (
				6B3F48F9143ACDCA005C0A7A /* Logging.h */,
			);
			path = "Flexible-iOS-Logging-1.0";
			sourceTree = "<group>";
		};
		6B3F48FA143ACDCA005C0A7A /* RaptureXML */ = {
			isa = PBXGroup;
			children = (
				6B3F48FB143ACDCA005C0A7A /* NSDataAdditions.h */,
				6B3F48FC143ACDCA005C0A7A /* NSDataAdditions.m */,
				6B3F48FD143ACDCA005C0A7A /* RXMLElement.h */,
				6B3F48FE143ACDCA005C0A7A /* RXMLElement.m */,
				6B3F48FF143ACDCA005C0A7A /* TBXML.h */,
				6B3F4900143ACDCA005C0A7A /* TBXML.m */,
			);
			path = RaptureXML;
			sourceTree = "<group>";
		};
		6B3F4901143ACDCA005C0A7A /* Reachability */ = {
			isa = PBXGroup;
			children = (
				6B3F4902143ACDCA005C0A7A /* Reachability.h */,
				6B3F4903143ACDCA005C0A7A /* Reachability.m */,
			);
			path = Reachability;
			sourceTree = "<group>";
		};
		6B701497143A9AC60023756C /* RunUnitTests */ = {
			isa = PBXGroup;
			children = (
				6B701498143A9AC60023756C /* InfoPlist.strings */,
				6B70149C143A9AC60023756C /* main.m */,
				6B70149D143A9AC60023756C /* RunUnitTests-Info.plist */,
				6B70149E143A9AC60023756C /* RunUnitTests-Prefix.pch */,
			);
			path = RunUnitTests;
			sourceTree = "<group>";
		};
		6B86AD8B1435B65400AA7FD5 /* Integration */ = {
			isa = PBXGroup;
			children = (
				6B3F48B1143ACDB8005C0A7A /* RunIntegrationTests */,
				6B86AD8C1435B65400AA7FD5 /* XmlPostLoginClientSpec.m */,
			);
			path = Integration;
			sourceTree = "<group>";
		};
		6B932E9C1433E22100834A1B /* Core */ = {
			isa = PBXGroup;
			children = (
				6B932E9F1433E22100834A1B /* ex_security_LoginClient.h */,
				6B932EA01433E22100834A1B /* ex_security_XmlPostLoginClient.h */,
				6B932EA11433E22100834A1B /* ex_security_XmlPostLoginClient.m */,
			);
			path = Core;
			sourceTree = "<group>";
		};
		6B932EA41433E22100834A1B /* Utils */ = {
			isa = PBXGroup;
			children = (
				6B932EA51433E22100834A1B /* JBDependencyBinder.h */,
				6B932EA61433E22100834A1B /* JBDependencyBinder.m */,
				6B932EA71433E22100834A1B /* JBPackageVoodoo.h */,
				6B932EA81433E22100834A1B /* JBServiceLocator.h */,
			);
			path = Utils;
			sourceTree = "<group>";
		};
		6B932F7D1434513700834A1B /* Tests */ = {
			isa = PBXGroup;
			children = (
				6B701531143A9D920023756C /* SpecHelper.h */,
				6B86AD8B1435B65400AA7FD5 /* Integration */,
				6B932F7E1434513700834A1B /* Unit */,
			);
			path = Tests;
			sourceTree = "<group>";
		};
		6B932F7E1434513700834A1B /* Unit */ = {
			isa = PBXGroup;
			children = (
				6B701497143A9AC60023756C /* RunUnitTests */,
				6B932F7F1434513700834A1B /* SessionRequestSpec.m */,
				6B86AD901435B94A00AA7FD5 /* SessionContextHolderSpec.m */,
			);
			path = Unit;
			sourceTree = "<group>";
		};
		6B932F89143456C500834A1B /* Model */ = {
			isa = PBXGroup;
			children = (
				6B932F8A143456C500834A1B /* ex_security_SessionContextHolder.h */,
				6B932F8B143456C500834A1B /* ex_security_SessionContextHolder.m */,
				6B932F8C143456C500834A1B /* ex_security_SessionRequest.h */,
				6B932F8D143456C500834A1B /* ex_security_SessionRequest.m */,
			);
			path = Model;
			sourceTree = "<group>";
		};
		6BC1606A1436AF3500E166F6 /* expanz-iOS-SDK */ = {
			isa = PBXGroup;
			children = (
				6BC1606B1436AF3500E166F6 /* ActivityWindow.xib */,
				6BC1606C1436AF3500E166F6 /* brushed-metal2.png */,
				6BC1606D1436AF3500E166F6 /* InfoPlist.strings */,
				6BC1606F1436AF3500E166F6 /* MainWindow.xib */,
				6BC160711436AF3500E166F6 /* expanz-iOS-SDK-Info.plist */,
				6BC160721436AF3500E166F6 /* expanz-iOS-SDK-Prefix.pch */,
				6BC160731436AF3500E166F6 /* expanz_iOS_SDKAppDelegate.h */,
				6BC160741436AF3500E166F6 /* expanz_iOS_SDKAppDelegate.m */,
				6BC160751436AF3500E166F6 /* expanz_ui_ActivityViewController.h */,
				6BC160761436AF3500E166F6 /* expanz_ui_ActivityViewController.m */,
				6BC160771436AF3500E166F6 /* expanz_ui_LoginViewController.h */,
				6BC160781436AF3500E166F6 /* expanz_ui_LoginViewController.m */,
				6BC160791436AF3500E166F6 /* loginBackground.png */,
				6BC1607A1436AF3500E166F6 /* LoginWindow.xib */,
				6BC1607B1436AF3500E166F6 /* main.m */,
			);
			path = "expanz-iOS-SDK";
			sourceTree = "<group>";
		};
		6BCAFB8C14317B1B00575280 = {
			isa = PBXGroup;
			children = (
				6BC1606A1436AF3500E166F6 /* expanz-iOS-SDK */,
				6B932E9C1433E22100834A1B /* Core */,
				6B932F89143456C500834A1B /* Model */,
				6B932EA41433E22100834A1B /* Utils */,
				6B932F7D1434513700834A1B /* Tests */,
				6B3F48C1143ACDCA005C0A7A /* External */,
				6BCAFB9A14317B1C00575280 /* Frameworks */,
				6BCAFB9814317B1C00575280 /* Products */,
			);
			sourceTree = "<group>";
		};
		6BCAFB9814317B1C00575280 /* Products */ = {
			isa = PBXGroup;
			children = (
				6BCAFB9714317B1C00575280 /* expanz-iOS-SDK.app */,
				6B701480143A9A900023756C /* RunUnitTests.app */,
				6B7C5539143ACD65001B1164 /* RunIntegrationTests.app */,
			);
			name = Products;
			sourceTree = "<group>";
		};
		6BCAFB9A14317B1C00575280 /* Frameworks */ = {
			isa = PBXGroup;
			children = (
				6B039BA21435D81B0036F9B5 /* QuartzCore.framework */,
				6B932F351433FA4000834A1B /* MobileCoreServices.framework */,
				6B932F2F1433F97900834A1B /* SystemConfiguration.framework */,
				6B932F311433F98400834A1B /* CFNetwork.framework */,
				6B932F271433F7CE00834A1B /* libz.dylib */,
				6B932EB31433E2E700834A1B /* Cedar-iPhone.framework */,
				6B932EB41433E2E700834A1B /* OCHamcrest-iPhone.framework */,
				6B932EB11433E2D600834A1B /* Objection-iOS.framework */,
				6B6B65251432A07B00B584C1 /* libsqlite3.dylib */,
				6B912278143299CA0031F7A8 /* libxml2.dylib */,
				6BCAFB9B14317B1C00575280 /* UIKit.framework */,
				6BCAFB9D14317B1C00575280 /* Foundation.framework */,
				6BCAFB9F14317B1C00575280 /* CoreGraphics.framework */,
			);
			name = Frameworks;
			sourceTree = "<group>";
		};
/* End PBXGroup section */

/* Begin PBXNativeTarget section */
		6B70147F143A9A900023756C /* RunUnitTests */ = {
			isa = PBXNativeTarget;
			buildConfigurationList = 6B701494143A9A900023756C /* Build configuration list for PBXNativeTarget "RunUnitTests" */;
			buildPhases = (
				6B70147C143A9A900023756C /* Sources */,
				6B70147D143A9A900023756C /* Frameworks */,
				6B70147E143A9A900023756C /* Resources */,
			);
			buildRules = (
			);
			dependencies = (
			);
			name = RunUnitTests;
			productName = RunUnitTests;
			productReference = 6B701480143A9A900023756C /* RunUnitTests.app */;
			productType = "com.apple.product-type.application";
		};
		6B7C5538143ACD65001B1164 /* RunIntegrationTests */ = {
			isa = PBXNativeTarget;
			buildConfigurationList = 6B7C554F143ACD65001B1164 /* Build configuration list for PBXNativeTarget "RunIntegrationTests" */;
			buildPhases = (
				6B7C5535143ACD65001B1164 /* Sources */,
				6B7C5536143ACD65001B1164 /* Frameworks */,
				6B7C5537143ACD65001B1164 /* Resources */,
			);
			buildRules = (
			);
			dependencies = (
			);
			name = RunIntegrationTests;
			productName = RunIntegrationTests;
			productReference = 6B7C5539143ACD65001B1164 /* RunIntegrationTests.app */;
			productType = "com.apple.product-type.application";
		};
		6BCAFB9614317B1B00575280 /* expanz-iOS-SDK */ = {
			isa = PBXNativeTarget;
			buildConfigurationList = 6BCAFBCF14317B1C00575280 /* Build configuration list for PBXNativeTarget "expanz-iOS-SDK" */;
			buildPhases = (
				6BCAFB9314317B1B00575280 /* Sources */,
				6BCAFB9414317B1B00575280 /* Frameworks */,
				6BCAFB9514317B1B00575280 /* Resources */,
			);
			buildRules = (
			);
			dependencies = (
			);
			name = "expanz-iOS-SDK";
			productName = "expanz-iOS-SDK";
			productReference = 6BCAFB9714317B1C00575280 /* expanz-iOS-SDK.app */;
			productType = "com.apple.product-type.application";
		};
/* End PBXNativeTarget section */

/* Begin PBXProject section */
		6BCAFB8E14317B1B00575280 /* Project object */ = {
			isa = PBXProject;
			attributes = {
				LastUpgradeCheck = 0410;
				ORGANIZATIONNAME = "Expanz Inc";
			};
			buildConfigurationList = 6BCAFB9114317B1B00575280 /* Build configuration list for PBXProject "expanz-iOS-SDK" */;
			compatibilityVersion = "Xcode 3.2";
			developmentRegion = English;
			hasScannedForEncodings = 0;
			knownRegions = (
				en,
			);
			mainGroup = 6BCAFB8C14317B1B00575280;
			productRefGroup = 6BCAFB9814317B1C00575280 /* Products */;
			projectDirPath = "";
			projectRoot = "";
			targets = (
				6BCAFB9614317B1B00575280 /* expanz-iOS-SDK */,
				6B70147F143A9A900023756C /* RunUnitTests */,
				6B7C5538143ACD65001B1164 /* RunIntegrationTests */,
			);
		};
/* End PBXProject section */

/* Begin PBXResourcesBuildPhase section */
		6B70147E143A9A900023756C /* Resources */ = {
			isa = PBXResourcesBuildPhase;
			buildActionMask = 2147483647;
			files = (
				6B7014A1143A9AC60023756C /* InfoPlist.strings in Resources */,
			);
			runOnlyForDeploymentPostprocessing = 0;
		};
		6B7C5537143ACD65001B1164 /* Resources */ = {
			isa = PBXResourcesBuildPhase;
			buildActionMask = 2147483647;
			files = (
				6B3F48BA143ACDB8005C0A7A /* InfoPlist.strings in Resources */,
				6B3F48C0143ACDB8005C0A7A /* RunIntegrationTests-Info.plist in Resources */,
			);
			runOnlyForDeploymentPostprocessing = 0;
		};
		6BCAFB9514317B1B00575280 /* Resources */ = {
			isa = PBXResourcesBuildPhase;
			buildActionMask = 2147483647;
			files = (
				6BC1607C1436AF3500E166F6 /* ActivityWindow.xib in Resources */,
				6BC1607E1436AF3500E166F6 /* brushed-metal2.png in Resources */,
				6BC160801436AF3500E166F6 /* InfoPlist.strings in Resources */,
				6BC160821436AF3500E166F6 /* MainWindow.xib in Resources */,
				6BC1608C1436AF3500E166F6 /* loginBackground.png in Resources */,
				6BC1608E1436AF3500E166F6 /* LoginWindow.xib in Resources */,
				6B3F48B9143ACDB8005C0A7A /* InfoPlist.strings in Resources */,
				6B3F48BF143ACDB8005C0A7A /* RunIntegrationTests-Info.plist in Resources */,
			);
			runOnlyForDeploymentPostprocessing = 0;
		};
/* End PBXResourcesBuildPhase section */

/* Begin PBXSourcesBuildPhase section */
		6B70147C143A9A900023756C /* Sources */ = {
			isa = PBXSourcesBuildPhase;
			buildActionMask = 2147483647;
			files = (
				6B7014A3143A9AC60023756C /* main.m in Sources */,
				6B7014A6143A9BE60023756C /* SessionRequestSpec.m in Sources */,
				6B7014A7143A9BE90023756C /* SessionContextHolderSpec.m in Sources */,
				6B7014A8143A9BF50023756C /* expanz_iOS_SDKAppDelegate.m in Sources */,
				6B7014A9143A9BF90023756C /* expanz_ui_ActivityViewController.m in Sources */,
				6B7014AA143A9BFC0023756C /* expanz_ui_LoginViewController.m in Sources */,
				6B7014AB143A9C020023756C /* ex_security_XmlPostLoginClient.m in Sources */,
				6B7014AC143A9C070023756C /* ex_security_SessionContextHolder.m in Sources */,
				6B7014AD143A9C0A0023756C /* ex_security_SessionRequest.m in Sources */,
				6B7014AE143A9C0F0023756C /* JBDependencyBinder.m in Sources */,
				6B3F4905143ACDCA005C0A7A /* ASIAuthenticationDialog.m in Sources */,
				6B3F4908143ACDCA005C0A7A /* ASIDataCompressor.m in Sources */,
				6B3F490B143ACDCA005C0A7A /* ASIDataDecompressor.m in Sources */,
				6B3F490E143ACDCA005C0A7A /* ASIDownloadCache.m in Sources */,
				6B3F4911143ACDCA005C0A7A /* ASIFormDataRequest.m in Sources */,
				6B3F4914143ACDCA005C0A7A /* ASIHTTPRequest.m in Sources */,
				6B3F4917143ACDCA005C0A7A /* ASIInputStream.m in Sources */,
				6B3F491A143ACDCA005C0A7A /* ASINetworkQueue.m in Sources */,
				6B3F491D143ACDCA005C0A7A /* ASIWebPageRequest.m in Sources */,
				6B3F4920143ACDCA005C0A7A /* ASICloudFilesCDNRequest.m in Sources */,
				6B3F4923143ACDCA005C0A7A /* ASICloudFilesContainer.m in Sources */,
				6B3F4926143ACDCA005C0A7A /* ASICloudFilesContainerRequest.m in Sources */,
				6B3F4929143ACDCA005C0A7A /* ASICloudFilesContainerXMLParserDelegate.m in Sources */,
				6B3F492C143ACDCA005C0A7A /* ASICloudFilesObject.m in Sources */,
				6B3F492F143ACDCA005C0A7A /* ASICloudFilesObjectRequest.m in Sources */,
				6B3F4932143ACDCA005C0A7A /* ASICloudFilesRequest.m in Sources */,
				6B3F4935143ACDCA005C0A7A /* ASIS3Bucket.m in Sources */,
				6B3F4938143ACDCA005C0A7A /* ASIS3BucketObject.m in Sources */,
				6B3F493B143ACDCA005C0A7A /* ASIS3BucketRequest.m in Sources */,
				6B3F493E143ACDCA005C0A7A /* ASIS3ObjectRequest.m in Sources */,
				6B3F4941143ACDCA005C0A7A /* ASIS3Request.m in Sources */,
				6B3F4944143ACDCA005C0A7A /* ASIS3ServiceRequest.m in Sources */,
				6B3F4947143ACDCA005C0A7A /* NSDataAdditions.m in Sources */,
				6B3F494A143ACDCA005C0A7A /* RXMLElement.m in Sources */,
				6B3F494D143ACDCA005C0A7A /* TBXML.m in Sources */,
				6B3F4950143ACDCA005C0A7A /* Reachability.m in Sources */,
			);
			runOnlyForDeploymentPostprocessing = 0;
		};
		6B7C5535143ACD65001B1164 /* Sources */ = {
			isa = PBXSourcesBuildPhase;
			buildActionMask = 2147483647;
			files = (
				6B3F48BE143ACDB8005C0A7A /* main.m in Sources */,
				6B3F4906143ACDCA005C0A7A /* ASIAuthenticationDialog.m in Sources */,
				6B3F4909143ACDCA005C0A7A /* ASIDataCompressor.m in Sources */,
				6B3F490C143ACDCA005C0A7A /* ASIDataDecompressor.m in Sources */,
				6B3F490F143ACDCA005C0A7A /* ASIDownloadCache.m in Sources */,
				6B3F4912143ACDCA005C0A7A /* ASIFormDataRequest.m in Sources */,
				6B3F4915143ACDCA005C0A7A /* ASIHTTPRequest.m in Sources */,
				6B3F4918143ACDCA005C0A7A /* ASIInputStream.m in Sources */,
				6B3F491B143ACDCA005C0A7A /* ASINetworkQueue.m in Sources */,
				6B3F491E143ACDCA005C0A7A /* ASIWebPageRequest.m in Sources */,
				6B3F4921143ACDCA005C0A7A /* ASICloudFilesCDNRequest.m in Sources */,
				6B3F4924143ACDCA005C0A7A /* ASICloudFilesContainer.m in Sources */,
				6B3F4927143ACDCA005C0A7A /* ASICloudFilesContainerRequest.m in Sources */,
				6B3F492A143ACDCA005C0A7A /* ASICloudFilesContainerXMLParserDelegate.m in Sources */,
				6B3F492D143ACDCA005C0A7A /* ASICloudFilesObject.m in Sources */,
				6B3F4930143ACDCA005C0A7A /* ASICloudFilesObjectRequest.m in Sources */,
				6B3F4933143ACDCA005C0A7A /* ASICloudFilesRequest.m in Sources */,
				6B3F4936143ACDCA005C0A7A /* ASIS3Bucket.m in Sources */,
				6B3F4939143ACDCA005C0A7A /* ASIS3BucketObject.m in Sources */,
				6B3F493C143ACDCA005C0A7A /* ASIS3BucketRequest.m in Sources */,
				6B3F493F143ACDCA005C0A7A /* ASIS3ObjectRequest.m in Sources */,
				6B3F4942143ACDCA005C0A7A /* ASIS3Request.m in Sources */,
				6B3F4945143ACDCA005C0A7A /* ASIS3ServiceRequest.m in Sources */,
				6B3F4948143ACDCA005C0A7A /* NSDataAdditions.m in Sources */,
				6B3F494B143ACDCA005C0A7A /* RXMLElement.m in Sources */,
				6B3F494E143ACDCA005C0A7A /* TBXML.m in Sources */,
				6B3F4951143ACDCA005C0A7A /* Reachability.m in Sources */,
				6B3F4952143ACDDC005C0A7A /* XmlPostLoginClientSpec.m in Sources */,
				6B3F495D143ACE11005C0A7A /* expanz_ui_ActivityViewController.m in Sources */,
				6B3F495E143ACE15005C0A7A /* expanz_ui_LoginViewController.m in Sources */,
				6B3F495F143ACE1A005C0A7A /* ex_security_XmlPostLoginClient.m in Sources */,
				6B3F4960143ACE1E005C0A7A /* ex_security_SessionContextHolder.m in Sources */,
				6B3F4961143ACE21005C0A7A /* ex_security_SessionRequest.m in Sources */,
				6B3F4962143ACE27005C0A7A /* JBDependencyBinder.m in Sources */,
			);
			runOnlyForDeploymentPostprocessing = 0;
		};
		6BCAFB9314317B1B00575280 /* Sources */ = {
			isa = PBXSourcesBuildPhase;
			buildActionMask = 2147483647;
			files = (
				6B932EAB1433E22100834A1B /* ex_security_XmlPostLoginClient.m in Sources */,
				6B932EAF1433E22100834A1B /* JBDependencyBinder.m in Sources */,
				6B932F8E143456C500834A1B /* ex_security_SessionContextHolder.m in Sources */,
				6B932F90143456C500834A1B /* ex_security_SessionRequest.m in Sources */,
				6BC160861436AF3500E166F6 /* expanz_iOS_SDKAppDelegate.m in Sources */,
				6BC160881436AF3500E166F6 /* expanz_ui_ActivityViewController.m in Sources */,
				6BC1608A1436AF3500E166F6 /* expanz_ui_LoginViewController.m in Sources */,
				6BC160901436AF3500E166F6 /* main.m in Sources */,
				6B3F48BD143ACDB8005C0A7A /* main.m in Sources */,
				6B3F4904143ACDCA005C0A7A /* ASIAuthenticationDialog.m in Sources */,
				6B3F4907143ACDCA005C0A7A /* ASIDataCompressor.m in Sources */,
				6B3F490A143ACDCA005C0A7A /* ASIDataDecompressor.m in Sources */,
				6B3F490D143ACDCA005C0A7A /* ASIDownloadCache.m in Sources */,
				6B3F4910143ACDCA005C0A7A /* ASIFormDataRequest.m in Sources */,
				6B3F4913143ACDCA005C0A7A /* ASIHTTPRequest.m in Sources */,
				6B3F4916143ACDCA005C0A7A /* ASIInputStream.m in Sources */,
				6B3F4919143ACDCA005C0A7A /* ASINetworkQueue.m in Sources */,
				6B3F491C143ACDCA005C0A7A /* ASIWebPageRequest.m in Sources */,
				6B3F491F143ACDCA005C0A7A /* ASICloudFilesCDNRequest.m in Sources */,
				6B3F4922143ACDCA005C0A7A /* ASICloudFilesContainer.m in Sources */,
				6B3F4925143ACDCA005C0A7A /* ASICloudFilesContainerRequest.m in Sources */,
				6B3F4928143ACDCA005C0A7A /* ASICloudFilesContainerXMLParserDelegate.m in Sources */,
				6B3F492B143ACDCA005C0A7A /* ASICloudFilesObject.m in Sources */,
				6B3F492E143ACDCA005C0A7A /* ASICloudFilesObjectRequest.m in Sources */,
				6B3F4931143ACDCA005C0A7A /* ASICloudFilesRequest.m in Sources */,
				6B3F4934143ACDCA005C0A7A /* ASIS3Bucket.m in Sources */,
				6B3F4937143ACDCA005C0A7A /* ASIS3BucketObject.m in Sources */,
				6B3F493A143ACDCA005C0A7A /* ASIS3BucketRequest.m in Sources */,
				6B3F493D143ACDCA005C0A7A /* ASIS3ObjectRequest.m in Sources */,
				6B3F4940143ACDCA005C0A7A /* ASIS3Request.m in Sources */,
				6B3F4943143ACDCA005C0A7A /* ASIS3ServiceRequest.m in Sources */,
				6B3F4946143ACDCA005C0A7A /* NSDataAdditions.m in Sources */,
				6B3F4949143ACDCA005C0A7A /* RXMLElement.m in Sources */,
				6B3F494C143ACDCA005C0A7A /* TBXML.m in Sources */,
				6B3F494F143ACDCA005C0A7A /* Reachability.m in Sources */,
			);
			runOnlyForDeploymentPostprocessing = 0;
		};
/* End PBXSourcesBuildPhase section */

/* Begin PBXVariantGroup section */
		6B3F48B2143ACDB8005C0A7A /* InfoPlist.strings */ = {
			isa = PBXVariantGroup;
			children = (
				6B3F48B3143ACDB8005C0A7A /* en */,
			);
			name = InfoPlist.strings;
			sourceTree = "<group>";
		};
		6B701498143A9AC60023756C /* InfoPlist.strings */ = {
			isa = PBXVariantGroup;
			children = (
				6B701499143A9AC60023756C /* en */,
			);
			name = InfoPlist.strings;
			sourceTree = "<group>";
		};
		6BC1606D1436AF3500E166F6 /* InfoPlist.strings */ = {
			isa = PBXVariantGroup;
			children = (
				6BC1606E1436AF3500E166F6 /* en */,
			);
			name = InfoPlist.strings;
			sourceTree = "<group>";
		};
		6BC1606F1436AF3500E166F6 /* MainWindow.xib */ = {
			isa = PBXVariantGroup;
			children = (
				6BC160701436AF3500E166F6 /* en */,
			);
			name = MainWindow.xib;
			sourceTree = "<group>";
		};
/* End PBXVariantGroup section */

/* Begin XCBuildConfiguration section */
		6B701495143A9A900023756C /* Debug */ = {
			isa = XCBuildConfiguration;
			buildSettings = {
				"CODE_SIGN_IDENTITY[sdk=iphoneos*]" = "iPhone Developer";
				FRAMEWORK_SEARCH_PATHS = (
					"$(inherited)",
					"\"$(SRCROOT)/Dependencies/Frameworks\"",
				);
				GCC_PRECOMPILE_PREFIX_HEADER = YES;
				GCC_PREFIX_HEADER = "Tests/Unit/RunUnitTests/RunUnitTests-Prefix.pch";
				INFOPLIST_FILE = "Tests/Unit/RunUnitTests/RunUnitTests-Info.plist";
				OTHER_LDFLAGS = (
					"-lstdc++",
					"-ObjC",
					"-all_load",
				);
				PRODUCT_NAME = "$(TARGET_NAME)";
				USER_HEADER_SEARCH_PATHS = "";
				WRAPPER_EXTENSION = app;
			};
			name = Debug;
		};
		6B701496143A9A900023756C /* Release */ = {
			isa = XCBuildConfiguration;
			buildSettings = {
				"CODE_SIGN_IDENTITY[sdk=iphoneos*]" = "iPhone Developer";
				FRAMEWORK_SEARCH_PATHS = (
					"$(inherited)",
					"\"$(SRCROOT)/Dependencies/Frameworks\"",
				);
				GCC_PRECOMPILE_PREFIX_HEADER = YES;
				GCC_PREFIX_HEADER = "Tests/Unit/RunUnitTests/RunUnitTests-Prefix.pch";
				INFOPLIST_FILE = "Tests/Unit/RunUnitTests/RunUnitTests-Info.plist";
				OTHER_LDFLAGS = (
					"-lstdc++",
					"-ObjC",
					"-all_load",
				);
				PRODUCT_NAME = "$(TARGET_NAME)";
				USER_HEADER_SEARCH_PATHS = "";
				WRAPPER_EXTENSION = app;
			};
			name = Release;
		};
		6B7C554D143ACD65001B1164 /* Debug */ = {
			isa = XCBuildConfiguration;
			buildSettings = {
				"CODE_SIGN_IDENTITY[sdk=iphoneos*]" = "iPhone Developer";
				FRAMEWORK_SEARCH_PATHS = (
					"$(inherited)",
					"\"$(SRCROOT)/Dependencies/Frameworks\"",
				);
				GCC_PRECOMPILE_PREFIX_HEADER = YES;
				GCC_PREFIX_HEADER = "Tests/Integration/RunIntegrationTests/RunIntegrationTests-Prefix.pch";
				INFOPLIST_FILE = "Tests/Integration/RunIntegrationTests/RunIntegrationTests-Info.plist";
				OTHER_LDFLAGS = (
					"-lstdc++",
					"-ObjC",
					"-all_load",
				);
				PRODUCT_NAME = "$(TARGET_NAME)";
				WRAPPER_EXTENSION = app;
			};
			name = Debug;
		};
		6B7C554E143ACD65001B1164 /* Release */ = {
			isa = XCBuildConfiguration;
			buildSettings = {
				"CODE_SIGN_IDENTITY[sdk=iphoneos*]" = "iPhone Developer";
				FRAMEWORK_SEARCH_PATHS = (
					"$(inherited)",
					"\"$(SRCROOT)/Dependencies/Frameworks\"",
				);
				GCC_PRECOMPILE_PREFIX_HEADER = YES;
				GCC_PREFIX_HEADER = "Tests/Integration/RunIntegrationTests/RunIntegrationTests-Prefix.pch";
				INFOPLIST_FILE = "Tests/Integration/RunIntegrationTests/RunIntegrationTests-Info.plist";
				OTHER_LDFLAGS = (
					"-lstdc++",
					"-ObjC",
					"-all_load",
				);
				PRODUCT_NAME = "$(TARGET_NAME)";
				WRAPPER_EXTENSION = app;
			};
			name = Release;
		};
		6BCAFBCD14317B1C00575280 /* Debug */ = {
			isa = XCBuildConfiguration;
			buildSettings = {
				ALWAYS_SEARCH_USER_PATHS = NO;
				ARCHS = "$(ARCHS_STANDARD_32_BIT)";
				"CODE_SIGN_IDENTITY[sdk=iphoneos*]" = "iPhone Developer";
				COPY_PHASE_STRIP = NO;
				GCC_C_LANGUAGE_STANDARD = gnu99;
				GCC_DYNAMIC_NO_PIC = NO;
				GCC_OPTIMIZATION_LEVEL = 0;
				GCC_PREPROCESSOR_DEFINITIONS = (
					"DEBUG=1",
					"$(inherited)",
				);
				GCC_SYMBOLS_PRIVATE_EXTERN = NO;
				GCC_VERSION = com.apple.compilers.llvmgcc42;
				GCC_WARN_ABOUT_MISSING_PROTOTYPES = YES;
				GCC_WARN_ABOUT_RETURN_TYPE = YES;
				GCC_WARN_UNUSED_VARIABLE = YES;
				HEADER_SEARCH_PATHS = (
					$SDKROOT/usr/include/libxml2,
					"$SDKROOT/usr/include/libsqllite/**",
				);
				IPHONEOS_DEPLOYMENT_TARGET = 4.3;
				SDKROOT = iphoneos;
				USER_HEADER_SEARCH_PATHS = "";
			};
			name = Debug;
		};
		6BCAFBCE14317B1C00575280 /* Release */ = {
			isa = XCBuildConfiguration;
			buildSettings = {
				ALWAYS_SEARCH_USER_PATHS = NO;
				ARCHS = "$(ARCHS_STANDARD_32_BIT)";
				"CODE_SIGN_IDENTITY[sdk=iphoneos*]" = "iPhone Developer";
				COPY_PHASE_STRIP = YES;
				GCC_C_LANGUAGE_STANDARD = gnu99;
				GCC_VERSION = com.apple.compilers.llvmgcc42;
				GCC_WARN_ABOUT_MISSING_PROTOTYPES = YES;
				GCC_WARN_ABOUT_RETURN_TYPE = YES;
				GCC_WARN_UNUSED_VARIABLE = YES;
				HEADER_SEARCH_PATHS = (
					$SDKROOT/usr/include/libxml2,
					"$SDKROOT/usr/include/libsqllite/**",
				);
				IPHONEOS_DEPLOYMENT_TARGET = 4.3;
				OTHER_CFLAGS = "-DNS_BLOCK_ASSERTIONS=1";
				SDKROOT = iphoneos;
				USER_HEADER_SEARCH_PATHS = "${SDKROOT}/usr/include/libz ${SDKROOT}/usr/include/libxml2";
				VALIDATE_PRODUCT = YES;
			};
			name = Release;
		};
		6BCAFBD014317B1C00575280 /* Debug */ = {
			isa = XCBuildConfiguration;
			buildSettings = {
				FRAMEWORK_SEARCH_PATHS = (
					"$(inherited)",
					"\"$(SRCROOT)/Dependencies/Frameworks\"",
				);
				GCC_PRECOMPILE_PREFIX_HEADER = YES;
				GCC_PREFIX_HEADER = "expanz-iOS-SDK/expanz-iOS-SDK-Prefix.pch";
				INFOPLIST_FILE = "expanz-iOS-SDK/expanz-iOS-SDK-Info.plist";
				PRODUCT_NAME = "$(TARGET_NAME)";
				WRAPPER_EXTENSION = app;
			};
			name = Debug;
		};
		6BCAFBD114317B1C00575280 /* Release */ = {
			isa = XCBuildConfiguration;
			buildSettings = {
				FRAMEWORK_SEARCH_PATHS = (
					"$(inherited)",
					"\"$(SRCROOT)/Dependencies/Frameworks\"",
				);
				GCC_PRECOMPILE_PREFIX_HEADER = YES;
				GCC_PREFIX_HEADER = "expanz-iOS-SDK/expanz-iOS-SDK-Prefix.pch";
				INFOPLIST_FILE = "expanz-iOS-SDK/expanz-iOS-SDK-Info.plist";
				PRODUCT_NAME = "$(TARGET_NAME)";
				WRAPPER_EXTENSION = app;
			};
			name = Release;
		};
/* End XCBuildConfiguration section */

/* Begin XCConfigurationList section */
		6B701494143A9A900023756C /* Build configuration list for PBXNativeTarget "RunUnitTests" */ = {
			isa = XCConfigurationList;
			buildConfigurations = (
				6B701495143A9A900023756C /* Debug */,
				6B701496143A9A900023756C /* Release */,
			);
			defaultConfigurationIsVisible = 0;
			defaultConfigurationName = Release;
		};
		6B7C554F143ACD65001B1164 /* Build configuration list for PBXNativeTarget "RunIntegrationTests" */ = {
			isa = XCConfigurationList;
			buildConfigurations = (
				6B7C554D143ACD65001B1164 /* Debug */,
				6B7C554E143ACD65001B1164 /* Release */,
			);
			defaultConfigurationIsVisible = 0;
			defaultConfigurationName = Release;
		};
		6BCAFB9114317B1B00575280 /* Build configuration list for PBXProject "expanz-iOS-SDK" */ = {
			isa = XCConfigurationList;
			buildConfigurations = (
				6BCAFBCD14317B1C00575280 /* Debug */,
				6BCAFBCE14317B1C00575280 /* Release */,
			);
			defaultConfigurationIsVisible = 0;
			defaultConfigurationName = Release;
		};
		6BCAFBCF14317B1C00575280 /* Build configuration list for PBXNativeTarget "expanz-iOS-SDK" */ = {
			isa = XCConfigurationList;
			buildConfigurations = (
				6BCAFBD014317B1C00575280 /* Debug */,
				6BCAFBD114317B1C00575280 /* Release */,
			);
			defaultConfigurationIsVisible = 0;
			defaultConfigurationName = Release;
		};
/* End XCConfigurationList section */
	};
	rootObject = 6BCAFB8E14317B1B00575280 /* Project object */;
}
