// !$*UTF8*$!
{
	archiveVersion = 1;
	classes = {
	};
	objectVersion = 46;
	objects = {

/* Begin PBXBuildFile section */
		6B1059E51478FD43002DEBCE /* AppDelegate.m in Sources */ = {isa = PBXBuildFile; fileRef = 6B1059DB1478FD43002DEBCE /* AppDelegate.m */; };
		6B1059E61478FD43002DEBCE /* Credits.rtf in Resources */ = {isa = PBXBuildFile; fileRef = 6B1059DC1478FD43002DEBCE /* Credits.rtf */; };
		6B1059E71478FD43002DEBCE /* InfoPlist.strings in Resources */ = {isa = PBXBuildFile; fileRef = 6B1059DE1478FD43002DEBCE /* InfoPlist.strings */; };
		6B1059E81478FD43002DEBCE /* MainMenu.xib in Resources */ = {isa = PBXBuildFile; fileRef = 6B1059E01478FD43002DEBCE /* MainMenu.xib */; };
		6B1059EA1478FD43002DEBCE /* main.m in Sources */ = {isa = PBXBuildFile; fileRef = 6B1059E41478FD43002DEBCE /* main.m */; };
		6B1059F41478FE4A002DEBCE /* main.m in Sources */ = {isa = PBXBuildFile; fileRef = 6B1059EF1478FE4A002DEBCE /* main.m */; };
		6B105A011479C807002DEBCE /* Cedar.framework in Frameworks */ = {isa = PBXBuildFile; fileRef = 6B105A001479C807002DEBCE /* Cedar.framework */; };
		6B105A031479C85D002DEBCE /* OCHamcrest.framework in Frameworks */ = {isa = PBXBuildFile; fileRef = 6B105A021479C85D002DEBCE /* OCHamcrest.framework */; };
		6B105A081479CF9A002DEBCE /* README in Resources */ = {isa = PBXBuildFile; fileRef = 6B105A071479CF9A002DEBCE /* README */; };
		6BC10165147775A40055CF03 /* Cocoa.framework in Frameworks */ = {isa = PBXBuildFile; fileRef = 6BC10164147775A40055CF03 /* Cocoa.framework */; };
		6BC1018C1477A42F0055CF03 /* Foundation.framework in Frameworks */ = {isa = PBXBuildFile; fileRef = 6BC1018B1477A42F0055CF03 /* Foundation.framework */; };
		6BC101AA1477A7C10055CF05 /* ProjectEditorSpec.m in Sources */ = {isa = PBXBuildFile; fileRef = 6BC101AA1477A7C10055CF04 /* ProjectEditorSpec.m */; };
		6BC101AA1477A7C10055CF08 /* expanz_codegen_ProjectEditor.m in Sources */ = {isa = PBXBuildFile; fileRef = 6BC101AA1477A7C10055CF07 /* expanz_codegen_ProjectEditor.m */; };
/* End PBXBuildFile section */

/* Begin PBXContainerItemProxy section */
		6B1059EB1478FD8B002DEBCE /* PBXContainerItemProxy */ = {
			isa = PBXContainerItemProxy;
			containerPortal = 6BC10157147775A40055CF03 /* Project object */;
			proxyType = 1;
			remoteGlobalIDString = 6BC1015F147775A40055CF03;
			remoteInfo = "Expanz iOS Code Generator";
		};
/* End PBXContainerItemProxy section */

/* Begin PBXCopyFilesBuildPhase section */
		6BC101871477A42F0055CF03 /* CopyFiles */ = {
			isa = PBXCopyFilesBuildPhase;
			buildActionMask = 2147483647;
			dstPath = /Users/jblues/Library/Frameworks;
			dstSubfolderSpec = 0;
			files = (
			);
			runOnlyForDeploymentPostprocessing = 1;
		};
/* End PBXCopyFilesBuildPhase section */

/* Begin PBXFileReference section */
		6B1059DA1478FD43002DEBCE /* AppDelegate.h */ = {isa = PBXFileReference; fileEncoding = 4; lastKnownFileType = sourcecode.c.h; path = AppDelegate.h; sourceTree = "<group>"; };
		6B1059DB1478FD43002DEBCE /* AppDelegate.m */ = {isa = PBXFileReference; fileEncoding = 4; lastKnownFileType = sourcecode.c.objc; path = AppDelegate.m; sourceTree = "<group>"; };
		6B1059DD1478FD43002DEBCE /* en */ = {isa = PBXFileReference; lastKnownFileType = text.rtf; name = en; path = en.lproj/Credits.rtf; sourceTree = "<group>"; };
		6B1059DF1478FD43002DEBCE /* en */ = {isa = PBXFileReference; lastKnownFileType = text.plist.strings; name = en; path = en.lproj/InfoPlist.strings; sourceTree = "<group>"; };
		6B1059E11478FD43002DEBCE /* en */ = {isa = PBXFileReference; lastKnownFileType = file.xib; name = en; path = en.lproj/MainMenu.xib; sourceTree = "<group>"; };
		6B1059E21478FD43002DEBCE /* Expanz iOS Code Generator-Info.plist */ = {isa = PBXFileReference; fileEncoding = 4; lastKnownFileType = text.plist.xml; path = "Expanz iOS Code Generator-Info.plist"; sourceTree = "<group>"; };
		6B1059E31478FD43002DEBCE /* Expanz iOS Code Generator-Prefix.pch */ = {isa = PBXFileReference; fileEncoding = 4; lastKnownFileType = sourcecode.c.h; path = "Expanz iOS Code Generator-Prefix.pch"; sourceTree = "<group>"; };
		6B1059E41478FD43002DEBCE /* main.m */ = {isa = PBXFileReference; fileEncoding = 4; lastKnownFileType = sourcecode.c.objc; path = main.m; sourceTree = "<group>"; };
		6B1059EF1478FE4A002DEBCE /* main.m */ = {isa = PBXFileReference; fileEncoding = 4; lastKnownFileType = sourcecode.c.objc; path = main.m; sourceTree = "<group>"; };
		6B1059F01478FE4A002DEBCE /* Specs-Prefix.pch */ = {isa = PBXFileReference; fileEncoding = 4; lastKnownFileType = sourcecode.c.h; path = "Specs-Prefix.pch"; sourceTree = "<group>"; };
		6B1059F11478FE4A002DEBCE /* Specs.1 */ = {isa = PBXFileReference; fileEncoding = 4; lastKnownFileType = text.man; path = Specs.1; sourceTree = "<group>"; };
		6B105A001479C807002DEBCE /* Cedar.framework */ = {isa = PBXFileReference; lastKnownFileType = wrapper.framework; name = Cedar.framework; path = Dependencies/Frameworks/Cedar.framework; sourceTree = "<group>"; };
		6B105A021479C85D002DEBCE /* OCHamcrest.framework */ = {isa = PBXFileReference; lastKnownFileType = wrapper.framework; name = OCHamcrest.framework; path = Dependencies/Frameworks/OCHamcrest.framework; sourceTree = "<group>"; };
		6B105A061479CF9A002DEBCE /* Logging.h */ = {isa = PBXFileReference; fileEncoding = 4; lastKnownFileType = sourcecode.c.h; path = Logging.h; sourceTree = "<group>"; };
		6B105A071479CF9A002DEBCE /* README */ = {isa = PBXFileReference; fileEncoding = 4; lastKnownFileType = text; path = README; sourceTree = "<group>"; };
		6BC10160147775A40055CF03 /* Expanz iOS Code Generator.app */ = {isa = PBXFileReference; explicitFileType = wrapper.application; includeInIndex = 0; path = "Expanz iOS Code Generator.app"; sourceTree = BUILT_PRODUCTS_DIR; };
		6BC10164147775A40055CF03 /* Cocoa.framework */ = {isa = PBXFileReference; lastKnownFileType = wrapper.framework; name = Cocoa.framework; path = System/Library/Frameworks/Cocoa.framework; sourceTree = SDKROOT; };
		6BC10167147775A40055CF03 /* AppKit.framework */ = {isa = PBXFileReference; lastKnownFileType = wrapper.framework; name = AppKit.framework; path = System/Library/Frameworks/AppKit.framework; sourceTree = SDKROOT; };
		6BC10168147775A40055CF03 /* CoreData.framework */ = {isa = PBXFileReference; lastKnownFileType = wrapper.framework; name = CoreData.framework; path = System/Library/Frameworks/CoreData.framework; sourceTree = SDKROOT; };
		6BC10169147775A40055CF03 /* Foundation.framework */ = {isa = PBXFileReference; lastKnownFileType = wrapper.framework; name = Foundation.framework; path = System/Library/Frameworks/Foundation.framework; sourceTree = SDKROOT; };
		6BC101891477A42F0055CF03 /* Specs */ = {isa = PBXFileReference; explicitFileType = "compiled.mach-o.executable"; includeInIndex = 0; path = Specs; sourceTree = BUILT_PRODUCTS_DIR; };
		6BC1018B1477A42F0055CF03 /* Foundation.framework */ = {isa = PBXFileReference; lastKnownFileType = wrapper.framework; name = Foundation.framework; path = System/Library/Frameworks/Foundation.framework; sourceTree = SDKROOT; };
		6BC101AA1477A7C10055CF04 /* ProjectEditorSpec.m */ = {isa = PBXFileReference; fileEncoding = 4; lastKnownFileType = sourcecode.c.objc; path = ProjectEditorSpec.m; sourceTree = "<group>"; };
		6BC101AA1477A7C10055CF06 /* SpecHelper.h */ = {isa = PBXFileReference; fileEncoding = 4; lastKnownFileType = sourcecode.c.h; path = SpecHelper.h; sourceTree = "<group>"; };
		6BC101AA1477A7C10055CF07 /* expanz_codegen_ProjectEditor.m */ = {isa = PBXFileReference; fileEncoding = 4; lastKnownFileType = sourcecode.c.objc; path = expanz_codegen_ProjectEditor.m; sourceTree = "<group>"; };
		6BC101AA1477A7C10055CF09 /* expanz_codegen_ProjectEditor.h */ = {isa = PBXFileReference; fileEncoding = 4; lastKnownFileType = sourcecode.c.h; path = expanz_codegen_ProjectEditor.h; sourceTree = "<group>"; };
/* End PBXFileReference section */

/* Begin PBXFrameworksBuildPhase section */
		6BC1015D147775A40055CF03 /* Frameworks */ = {
			isa = PBXFrameworksBuildPhase;
			buildActionMask = 2147483647;
			files = (
				6BC10165147775A40055CF03 /* Cocoa.framework in Frameworks */,
			);
			runOnlyForDeploymentPostprocessing = 0;
		};
		6BC101861477A42F0055CF03 /* Frameworks */ = {
			isa = PBXFrameworksBuildPhase;
			buildActionMask = 2147483647;
			files = (
				6BC1018C1477A42F0055CF03 /* Foundation.framework in Frameworks */,
				6B105A011479C807002DEBCE /* Cedar.framework in Frameworks */,
				6B105A031479C85D002DEBCE /* OCHamcrest.framework in Frameworks */,
			);
			runOnlyForDeploymentPostprocessing = 0;
		};
/* End PBXFrameworksBuildPhase section */

/* Begin PBXGroup section */
		6B1059D91478FD43002DEBCE /* Expanz iOS Code Generator */ = {
			isa = PBXGroup;
			children = (
				6BC101AA1477A7C10055CF09 /* expanz_codegen_ProjectEditor.h */,
				6BC101AA1477A7C10055CF07 /* expanz_codegen_ProjectEditor.m */,
				6B1059DA1478FD43002DEBCE /* AppDelegate.h */,
				6B1059DB1478FD43002DEBCE /* AppDelegate.m */,
				6B1059DC1478FD43002DEBCE /* Credits.rtf */,
				6B1059DE1478FD43002DEBCE /* InfoPlist.strings */,
				6B1059E01478FD43002DEBCE /* MainMenu.xib */,
				6B1059E21478FD43002DEBCE /* Expanz iOS Code Generator-Info.plist */,
				6B1059E31478FD43002DEBCE /* Expanz iOS Code Generator-Prefix.pch */,
				6B1059E41478FD43002DEBCE /* main.m */,
			);
			path = "Expanz iOS Code Generator";
			sourceTree = "<group>";
		};
		6B1059ED1478FE4A002DEBCE /* Specs */ = {
			isa = PBXGroup;
			children = (
				6B1059EE1478FE4A002DEBCE /* Integration */,
				6B1059EF1478FE4A002DEBCE /* main.m */,
				6B1059F01478FE4A002DEBCE /* Specs-Prefix.pch */,
				6B1059F11478FE4A002DEBCE /* Specs.1 */,
				6B1059F21478FE4A002DEBCE /* Unit */,
				6B1059F31478FE4A002DEBCE /* Utils */,
			);
			path = Specs;
			sourceTree = "<group>";
		};
		6B1059EE1478FE4A002DEBCE /* Integration */ = {
			isa = PBXGroup;
			children = (
			);
			path = Integration;
			sourceTree = "<group>";
		};
		6B1059F21478FE4A002DEBCE /* Unit */ = {
			isa = PBXGroup;
			children = (
				6BC101AA1477A7C10055CF04 /* ProjectEditorSpec.m */,
			);
			path = Unit;
			sourceTree = "<group>";
		};
		6B1059F31478FE4A002DEBCE /* Utils */ = {
			isa = PBXGroup;
			children = (
				6BC101AA1477A7C10055CF06 /* SpecHelper.h */,
			);
			path = Utils;
			sourceTree = "<group>";
		};
		6B105A041479CF9A002DEBCE /* External */ = {
			isa = PBXGroup;
			children = (
				6B105A051479CF9A002DEBCE /* objective-loggerheads */,
			);
			name = External;
			path = Dependencies/External;
			sourceTree = "<group>";
		};
		6B105A051479CF9A002DEBCE /* objective-loggerheads */ = {
			isa = PBXGroup;
			children = (
				6B105A061479CF9A002DEBCE /* Logging.h */,
				6B105A071479CF9A002DEBCE /* README */,
			);
			path = "objective-loggerheads";
			sourceTree = "<group>";
		};
		6BC10155147775A40055CF03 = {
			isa = PBXGroup;
			children = (
				6BC1019A1477A4D20055CF03 /* Source */,
				6BC10163147775A40055CF03 /* Frameworks */,
				6B105A041479CF9A002DEBCE /* External */,
				6BC10161147775A40055CF03 /* Products */,
			);
			sourceTree = "<group>";
		};
		6BC10161147775A40055CF03 /* Products */ = {
			isa = PBXGroup;
			children = (
				6BC10160147775A40055CF03 /* Expanz iOS Code Generator.app */,
				6BC101891477A42F0055CF03 /* Specs */,
			);
			name = Products;
			sourceTree = "<group>";
		};
		6BC10163147775A40055CF03 /* Frameworks */ = {
			isa = PBXGroup;
			children = (
				6B105A021479C85D002DEBCE /* OCHamcrest.framework */,
				6B105A001479C807002DEBCE /* Cedar.framework */,
				6BC10164147775A40055CF03 /* Cocoa.framework */,
				6BC1018B1477A42F0055CF03 /* Foundation.framework */,
				6BC10166147775A40055CF03 /* Other Frameworks */,
			);
			name = Frameworks;
			sourceTree = "<group>";
		};
		6BC10166147775A40055CF03 /* Other Frameworks */ = {
			isa = PBXGroup;
			children = (
				6BC10167147775A40055CF03 /* AppKit.framework */,
				6BC10168147775A40055CF03 /* CoreData.framework */,
				6BC10169147775A40055CF03 /* Foundation.framework */,
			);
			name = "Other Frameworks";
			sourceTree = "<group>";
		};
		6BC1019A1477A4D20055CF03 /* Source */ = {
			isa = PBXGroup;
			children = (
				6BC1019B1477A4D20055CF03 /* Main */,
				6B1059ED1478FE4A002DEBCE /* Specs */,
			);
			path = Source;
			sourceTree = "<group>";
		};
		6BC1019B1477A4D20055CF03 /* Main */ = {
			isa = PBXGroup;
			children = (
				6B1059D91478FD43002DEBCE /* Expanz iOS Code Generator */,
			);
			path = Main;
			sourceTree = "<group>";
		};
/* End PBXGroup section */

/* Begin PBXNativeTarget section */
		6BC1015F147775A40055CF03 /* Expanz iOS Code Generator */ = {
			isa = PBXNativeTarget;
			buildConfigurationList = 6BC1017E147775A40055CF03 /* Build configuration list for PBXNativeTarget "Expanz iOS Code Generator" */;
			buildPhases = (
				6BC1015C147775A40055CF03 /* Sources */,
				6BC1015D147775A40055CF03 /* Frameworks */,
				6BC1015E147775A40055CF03 /* Resources */,
			);
			buildRules = (
			);
			dependencies = (
			);
			name = "Expanz iOS Code Generator";
			productName = "Expanz iOS Code Generator";
			productReference = 6BC10160147775A40055CF03 /* Expanz iOS Code Generator.app */;
			productType = "com.apple.product-type.application";
		};
		6BC101881477A42F0055CF03 /* Specs */ = {
			isa = PBXNativeTarget;
			buildConfigurationList = 6BC101961477A42F0055CF03 /* Build configuration list for PBXNativeTarget "Specs" */;
			buildPhases = (
				6BC101851477A42F0055CF03 /* Sources */,
				6BC101861477A42F0055CF03 /* Frameworks */,
				6BC101871477A42F0055CF03 /* CopyFiles */,
			);
			buildRules = (
			);
			dependencies = (
				6B1059EC1478FD8B002DEBCE /* PBXTargetDependency */,
			);
			name = Specs;
			productName = Specs;
			productReference = 6BC101891477A42F0055CF03 /* Specs */;
			productType = "com.apple.product-type.tool";
		};
/* End PBXNativeTarget section */

/* Begin PBXProject section */
		6BC10157147775A40055CF03 /* Project object */ = {
			isa = PBXProject;
			attributes = {
				LastUpgradeCheck = 0420;
				ORGANIZATIONNAME = EXPANZ;
			};
			buildConfigurationList = 6BC1015A147775A40055CF03 /* Build configuration list for PBXProject "Expanz iOS Code Generator" */;
			compatibilityVersion = "Xcode 3.2";
			developmentRegion = English;
			hasScannedForEncodings = 0;
			knownRegions = (
				en,
			);
			mainGroup = 6BC10155147775A40055CF03;
			productRefGroup = 6BC10161147775A40055CF03 /* Products */;
			projectDirPath = "";
			projectRoot = "";
			targets = (
				6BC1015F147775A40055CF03 /* Expanz iOS Code Generator */,
				6BC101881477A42F0055CF03 /* Specs */,
			);
		};
/* End PBXProject section */

/* Begin PBXResourcesBuildPhase section */
		6BC1015E147775A40055CF03 /* Resources */ = {
			isa = PBXResourcesBuildPhase;
			buildActionMask = 2147483647;
			files = (
				6B1059E61478FD43002DEBCE /* Credits.rtf in Resources */,
				6B1059E71478FD43002DEBCE /* InfoPlist.strings in Resources */,
				6B1059E81478FD43002DEBCE /* MainMenu.xib in Resources */,
				6B105A081479CF9A002DEBCE /* README in Resources */,
			);
			runOnlyForDeploymentPostprocessing = 0;
		};
/* End PBXResourcesBuildPhase section */

/* Begin PBXSourcesBuildPhase section */
		6BC1015C147775A40055CF03 /* Sources */ = {
			isa = PBXSourcesBuildPhase;
			buildActionMask = 2147483647;
			files = (
				6B1059E51478FD43002DEBCE /* AppDelegate.m in Sources */,
				6B1059EA1478FD43002DEBCE /* main.m in Sources */,
				6BC101AA1477A7C10055CF08 /* expanz_codegen_ProjectEditor.m in Sources */,
			);
			runOnlyForDeploymentPostprocessing = 0;
		};
		6BC101851477A42F0055CF03 /* Sources */ = {
			isa = PBXSourcesBuildPhase;
			buildActionMask = 2147483647;
			files = (
				6B1059F41478FE4A002DEBCE /* main.m in Sources */,
				6BC101AA1477A7C10055CF05 /* ProjectEditorSpec.m in Sources */,
			);
			runOnlyForDeploymentPostprocessing = 0;
		};
/* End PBXSourcesBuildPhase section */

/* Begin PBXTargetDependency section */
		6B1059EC1478FD8B002DEBCE /* PBXTargetDependency */ = {
			isa = PBXTargetDependency;
			target = 6BC1015F147775A40055CF03 /* Expanz iOS Code Generator */;
			targetProxy = 6B1059EB1478FD8B002DEBCE /* PBXContainerItemProxy */;
		};
/* End PBXTargetDependency section */

/* Begin PBXVariantGroup section */
		6B1059DC1478FD43002DEBCE /* Credits.rtf */ = {
			isa = PBXVariantGroup;
			children = (
				6B1059DD1478FD43002DEBCE /* en */,
			);
			name = Credits.rtf;
			sourceTree = "<group>";
		};
		6B1059DE1478FD43002DEBCE /* InfoPlist.strings */ = {
			isa = PBXVariantGroup;
			children = (
				6B1059DF1478FD43002DEBCE /* en */,
			);
			name = InfoPlist.strings;
			sourceTree = "<group>";
		};
		6B1059E01478FD43002DEBCE /* MainMenu.xib */ = {
			isa = PBXVariantGroup;
			children = (
				6B1059E11478FD43002DEBCE /* en */,
			);
			name = MainMenu.xib;
			sourceTree = "<group>";
		};
/* End PBXVariantGroup section */

/* Begin XCBuildConfiguration section */
		6BC1017C147775A40055CF03 /* Debug */ = {
			isa = XCBuildConfiguration;
			buildSettings = {
				ALWAYS_SEARCH_USER_PATHS = NO;
				ARCHS = "$(ARCHS_STANDARD_64_BIT)";
				COPY_PHASE_STRIP = NO;
				GCC_C_LANGUAGE_STANDARD = gnu99;
				GCC_DYNAMIC_NO_PIC = NO;
				GCC_ENABLE_OBJC_EXCEPTIONS = YES;
				GCC_OPTIMIZATION_LEVEL = 0;
				GCC_PREPROCESSOR_DEFINITIONS = (
					"DEBUG=1",
					"$(inherited)",
				);
				GCC_SYMBOLS_PRIVATE_EXTERN = NO;
				GCC_VERSION = com.apple.compilers.llvm.clang.1_0;
				GCC_WARN_64_TO_32_BIT_CONVERSION = YES;
				GCC_WARN_ABOUT_MISSING_PROTOTYPES = YES;
				GCC_WARN_ABOUT_RETURN_TYPE = YES;
				GCC_WARN_UNUSED_VARIABLE = YES;
				MACOSX_DEPLOYMENT_TARGET = 10.7;
				ONLY_ACTIVE_ARCH = YES;
				SDKROOT = macosx;
			};
			name = Debug;
		};
		6BC1017D147775A40055CF03 /* Release */ = {
			isa = XCBuildConfiguration;
			buildSettings = {
				ALWAYS_SEARCH_USER_PATHS = NO;
				ARCHS = "$(ARCHS_STANDARD_64_BIT)";
				COPY_PHASE_STRIP = YES;
				DEBUG_INFORMATION_FORMAT = "dwarf-with-dsym";
				GCC_C_LANGUAGE_STANDARD = gnu99;
				GCC_ENABLE_OBJC_EXCEPTIONS = YES;
				GCC_VERSION = com.apple.compilers.llvm.clang.1_0;
				GCC_WARN_64_TO_32_BIT_CONVERSION = YES;
				GCC_WARN_ABOUT_MISSING_PROTOTYPES = YES;
				GCC_WARN_ABOUT_RETURN_TYPE = YES;
				GCC_WARN_UNUSED_VARIABLE = YES;
				MACOSX_DEPLOYMENT_TARGET = 10.7;
				SDKROOT = macosx;
			};
			name = Release;
		};
		6BC1017F147775A40055CF03 /* Debug */ = {
			isa = XCBuildConfiguration;
			buildSettings = {
				GCC_PRECOMPILE_PREFIX_HEADER = YES;
				GCC_PREFIX_HEADER = "Source/Main/Expanz iOS Code Generator/Expanz iOS Code Generator-Prefix.pch";
				INFOPLIST_FILE = "Source/Main/Expanz iOS Code Generator/Expanz iOS Code Generator-Info.plist";
				PRODUCT_NAME = "$(TARGET_NAME)";
				WRAPPER_EXTENSION = app;
			};
			name = Debug;
		};
		6BC10180147775A40055CF03 /* Release */ = {
			isa = XCBuildConfiguration;
			buildSettings = {
				GCC_PRECOMPILE_PREFIX_HEADER = YES;
				GCC_PREFIX_HEADER = "Source/Main/Expanz iOS Code Generator/Expanz iOS Code Generator-Prefix.pch";
				INFOPLIST_FILE = "Source/Main/Expanz iOS Code Generator/Expanz iOS Code Generator-Info.plist";
				PRODUCT_NAME = "$(TARGET_NAME)";
				WRAPPER_EXTENSION = app;
			};
			name = Release;
		};
		6BC101941477A42F0055CF03 /* Debug */ = {
			isa = XCBuildConfiguration;
			buildSettings = {
				FRAMEWORK_SEARCH_PATHS = (
					"$(inherited)",
					"\"$(SRCROOT)/Dependencies/Frameworks\"",
				);
				GCC_PRECOMPILE_PREFIX_HEADER = YES;
				GCC_PREFIX_HEADER = "Source/Specs/Specs-Prefix.pch";
				PRODUCT_NAME = "$(TARGET_NAME)";
			};
			name = Debug;
		};
		6BC101951477A42F0055CF03 /* Release */ = {
			isa = XCBuildConfiguration;
			buildSettings = {
				FRAMEWORK_SEARCH_PATHS = (
					"$(inherited)",
					"\"$(SRCROOT)/Dependencies/Frameworks\"",
				);
				GCC_PRECOMPILE_PREFIX_HEADER = YES;
				GCC_PREFIX_HEADER = "Source/Specs/Specs-Prefix.pch";
				PRODUCT_NAME = "$(TARGET_NAME)";
			};
			name = Release;
		};
/* End XCBuildConfiguration section */

/* Begin XCConfigurationList section */
		6BC1015A147775A40055CF03 /* Build configuration list for PBXProject "Expanz iOS Code Generator" */ = {
			isa = XCConfigurationList;
			buildConfigurations = (
				6BC1017C147775A40055CF03 /* Debug */,
				6BC1017D147775A40055CF03 /* Release */,
			);
			defaultConfigurationIsVisible = 0;
			defaultConfigurationName = Release;
		};
		6BC1017E147775A40055CF03 /* Build configuration list for PBXNativeTarget "Expanz iOS Code Generator" */ = {
			isa = XCConfigurationList;
			buildConfigurations = (
				6BC1017F147775A40055CF03 /* Debug */,
				6BC10180147775A40055CF03 /* Release */,
			);
			defaultConfigurationIsVisible = 0;
			defaultConfigurationName = Release;
		};
		6BC101961477A42F0055CF03 /* Build configuration list for PBXNativeTarget "Specs" */ = {
			isa = XCConfigurationList;
			buildConfigurations = (
				6BC101941477A42F0055CF03 /* Debug */,
				6BC101951477A42F0055CF03 /* Release */,
			);
			defaultConfigurationIsVisible = 0;
			defaultConfigurationName = Release;
		};
/* End XCConfigurationList section */
	};
	rootObject = 6BC10157147775A40055CF03 /* Project object */;
}
