// !$*UTF8*$!
{
	archiveVersion = 1;
	classes = {
	};
	objectVersion = 46;
	objects = {

/* Begin PBXBuildFile section */
		6BC10165147775A40055CF03 /* Cocoa.framework in Frameworks */ = {isa = PBXBuildFile; fileRef = 6BC10164147775A40055CF03 /* Cocoa.framework */; };
		6BC1016F147775A40055CF03 /* InfoPlist.strings in Resources */ = {isa = PBXBuildFile; fileRef = 6BC1016D147775A40055CF03 /* InfoPlist.strings */; };
		6BC10171147775A40055CF03 /* main.m in Sources */ = {isa = PBXBuildFile; fileRef = 6BC10170147775A40055CF03 /* main.m */; };
		6BC10175147775A40055CF03 /* Credits.rtf in Resources */ = {isa = PBXBuildFile; fileRef = 6BC10173147775A40055CF03 /* Credits.rtf */; };
		6BC10178147775A40055CF03 /* AppDelegate.m in Sources */ = {isa = PBXBuildFile; fileRef = 6BC10177147775A40055CF03 /* AppDelegate.m */; };
		6BC1017B147775A40055CF03 /* MainMenu.xib in Resources */ = {isa = PBXBuildFile; fileRef = 6BC10179147775A40055CF03 /* MainMenu.xib */; };
		6BC1018C1477A42F0055CF03 /* Foundation.framework in Frameworks */ = {isa = PBXBuildFile; fileRef = 6BC1018B1477A42F0055CF03 /* Foundation.framework */; };
		6BC1018F1477A42F0055CF03 /* main.m in Sources */ = {isa = PBXBuildFile; fileRef = 6BC1018E1477A42F0055CF03 /* main.m */; };
		6BC101931477A42F0055CF03 /* Specs.1 in CopyFiles */ = {isa = PBXBuildFile; fileRef = 6BC101921477A42F0055CF03 /* Specs.1 */; };
		6BC101991477A4650055CF03 /* Cedar.framework in Frameworks */ = {isa = PBXBuildFile; fileRef = 6BC101981477A4640055CF03 /* Cedar.framework */; };
		6BC1019E1477A50A0055CF03 /* ProjectEditorSpec.m in Sources */ = {isa = PBXBuildFile; fileRef = 6BC1019D1477A50A0055CF03 /* ProjectEditorSpec.m */; };
		6BC101A41477A6D90055CF03 /* OCHamcrest.framework in Frameworks */ = {isa = PBXBuildFile; fileRef = 6BC101A31477A6D90055CF03 /* OCHamcrest.framework */; };
		6BC101A91477A7C10055CF03 /* OCHamcrest.framework in CopyFiles */ = {isa = PBXBuildFile; fileRef = 6BC101A31477A6D90055CF03 /* OCHamcrest.framework */; };
		6BC101AA1477A7C10055CF03 /* Cedar.framework in CopyFiles */ = {isa = PBXBuildFile; fileRef = 6BC101981477A4640055CF03 /* Cedar.framework */; };
/* End PBXBuildFile section */

/* Begin PBXCopyFilesBuildPhase section */
		6BC101871477A42F0055CF03 /* CopyFiles */ = {
			isa = PBXCopyFilesBuildPhase;
			buildActionMask = 2147483647;
			dstPath = /Users/jblues/Library/Frameworks;
			dstSubfolderSpec = 0;
			files = (
				6BC101931477A42F0055CF03 /* Specs.1 in CopyFiles */,
				6BC101A91477A7C10055CF03 /* OCHamcrest.framework in CopyFiles */,
				6BC101AA1477A7C10055CF03 /* Cedar.framework in CopyFiles */,
			);
			runOnlyForDeploymentPostprocessing = 1;
		};
/* End PBXCopyFilesBuildPhase section */

/* Begin PBXFileReference section */
		6BC10160147775A40055CF03 /* Expanz iOS Code Generator.app */ = {isa = PBXFileReference; explicitFileType = wrapper.application; includeInIndex = 0; path = "Expanz iOS Code Generator.app"; sourceTree = BUILT_PRODUCTS_DIR; };
		6BC10164147775A40055CF03 /* Cocoa.framework */ = {isa = PBXFileReference; lastKnownFileType = wrapper.framework; name = Cocoa.framework; path = System/Library/Frameworks/Cocoa.framework; sourceTree = SDKROOT; };
		6BC10167147775A40055CF03 /* AppKit.framework */ = {isa = PBXFileReference; lastKnownFileType = wrapper.framework; name = AppKit.framework; path = System/Library/Frameworks/AppKit.framework; sourceTree = SDKROOT; };
		6BC10168147775A40055CF03 /* CoreData.framework */ = {isa = PBXFileReference; lastKnownFileType = wrapper.framework; name = CoreData.framework; path = System/Library/Frameworks/CoreData.framework; sourceTree = SDKROOT; };
		6BC10169147775A40055CF03 /* Foundation.framework */ = {isa = PBXFileReference; lastKnownFileType = wrapper.framework; name = Foundation.framework; path = System/Library/Frameworks/Foundation.framework; sourceTree = SDKROOT; };
		6BC1016C147775A40055CF03 /* Expanz iOS Code Generator-Info.plist */ = {isa = PBXFileReference; lastKnownFileType = text.plist.xml; path = "Expanz iOS Code Generator-Info.plist"; sourceTree = "<group>"; };
		6BC1016E147775A40055CF03 /* en */ = {isa = PBXFileReference; lastKnownFileType = text.plist.strings; name = en; path = en.lproj/InfoPlist.strings; sourceTree = "<group>"; };
		6BC10170147775A40055CF03 /* main.m */ = {isa = PBXFileReference; lastKnownFileType = sourcecode.c.objc; path = main.m; sourceTree = "<group>"; };
		6BC10172147775A40055CF03 /* Expanz iOS Code Generator-Prefix.pch */ = {isa = PBXFileReference; lastKnownFileType = sourcecode.c.h; path = "Expanz iOS Code Generator-Prefix.pch"; sourceTree = "<group>"; };
		6BC10174147775A40055CF03 /* en */ = {isa = PBXFileReference; lastKnownFileType = text.rtf; name = en; path = en.lproj/Credits.rtf; sourceTree = "<group>"; };
		6BC10176147775A40055CF03 /* AppDelegate.h */ = {isa = PBXFileReference; lastKnownFileType = sourcecode.c.h; path = AppDelegate.h; sourceTree = "<group>"; };
		6BC10177147775A40055CF03 /* AppDelegate.m */ = {isa = PBXFileReference; lastKnownFileType = sourcecode.c.objc; path = AppDelegate.m; sourceTree = "<group>"; };
		6BC1017A147775A40055CF03 /* en */ = {isa = PBXFileReference; lastKnownFileType = file.xib; name = en; path = en.lproj/MainMenu.xib; sourceTree = "<group>"; };
		6BC101891477A42F0055CF03 /* Specs */ = {isa = PBXFileReference; explicitFileType = "compiled.mach-o.executable"; includeInIndex = 0; path = Specs; sourceTree = BUILT_PRODUCTS_DIR; };
		6BC1018B1477A42F0055CF03 /* Foundation.framework */ = {isa = PBXFileReference; lastKnownFileType = wrapper.framework; name = Foundation.framework; path = System/Library/Frameworks/Foundation.framework; sourceTree = SDKROOT; };
		6BC1018E1477A42F0055CF03 /* main.m */ = {isa = PBXFileReference; lastKnownFileType = sourcecode.c.objc; path = main.m; sourceTree = "<group>"; };
		6BC101911477A42F0055CF03 /* Specs-Prefix.pch */ = {isa = PBXFileReference; lastKnownFileType = sourcecode.c.h; path = "Specs-Prefix.pch"; sourceTree = "<group>"; };
		6BC101921477A42F0055CF03 /* Specs.1 */ = {isa = PBXFileReference; lastKnownFileType = text.man; path = Specs.1; sourceTree = "<group>"; };
		6BC101981477A4640055CF03 /* Cedar.framework */ = {isa = PBXFileReference; lastKnownFileType = wrapper.framework; name = Cedar.framework; path = Dependencies/Frameworks/Cedar.framework; sourceTree = "<group>"; };
		6BC1019D1477A50A0055CF03 /* ProjectEditorSpec.m */ = {isa = PBXFileReference; fileEncoding = 4; lastKnownFileType = sourcecode.c.objc; path = ProjectEditorSpec.m; sourceTree = "<group>"; };
		6BC101A31477A6D90055CF03 /* OCHamcrest.framework */ = {isa = PBXFileReference; lastKnownFileType = wrapper.framework; name = OCHamcrest.framework; path = Dependencies/Frameworks/OCHamcrest.framework; sourceTree = "<group>"; };
		6BC101A81477A72A0055CF03 /* SpecHelper.h */ = {isa = PBXFileReference; fileEncoding = 4; lastKnownFileType = sourcecode.c.h; path = SpecHelper.h; sourceTree = "<group>"; };
/* End PBXFileReference section */

/* Begin PBXFrameworksBuildPhase section */
		6BC1015D147775A40055CF03 /* Frameworks */ = {
			isa = PBXFrameworksBuildPhase;
			buildActionMask = 2147483647;
			files = (
				6BC10165147775A40055CF03 /* Cocoa.framework in Frameworks */,
			);
			runOnlyForDeploymentPostprocessing = 0;
		};
		6BC101861477A42F0055CF03 /* Frameworks */ = {
			isa = PBXFrameworksBuildPhase;
			buildActionMask = 2147483647;
			files = (
				6BC1018C1477A42F0055CF03 /* Foundation.framework in Frameworks */,
				6BC101991477A4650055CF03 /* Cedar.framework in Frameworks */,
				6BC101A41477A6D90055CF03 /* OCHamcrest.framework in Frameworks */,
			);
			runOnlyForDeploymentPostprocessing = 0;
		};
/* End PBXFrameworksBuildPhase section */

/* Begin PBXGroup section */
		6BC10155147775A40055CF03 = {
			isa = PBXGroup;
			children = (
				6BC1019A1477A4D20055CF03 /* Source */,
				6BC1016A147775A40055CF03 /* Expanz iOS Code Generator */,
				6BC1018D1477A42F0055CF03 /* Specs */,
				6BC10163147775A40055CF03 /* Frameworks */,
				6BC10161147775A40055CF03 /* Products */,
			);
			sourceTree = "<group>";
		};
		6BC10161147775A40055CF03 /* Products */ = {
			isa = PBXGroup;
			children = (
				6BC10160147775A40055CF03 /* Expanz iOS Code Generator.app */,
				6BC101891477A42F0055CF03 /* Specs */,
			);
			name = Products;
			sourceTree = "<group>";
		};
		6BC10163147775A40055CF03 /* Frameworks */ = {
			isa = PBXGroup;
			children = (
				6BC101A31477A6D90055CF03 /* OCHamcrest.framework */,
				6BC101981477A4640055CF03 /* Cedar.framework */,
				6BC10164147775A40055CF03 /* Cocoa.framework */,
				6BC1018B1477A42F0055CF03 /* Foundation.framework */,
				6BC10166147775A40055CF03 /* Other Frameworks */,
			);
			name = Frameworks;
			sourceTree = "<group>";
		};
		6BC10166147775A40055CF03 /* Other Frameworks */ = {
			isa = PBXGroup;
			children = (
				6BC10167147775A40055CF03 /* AppKit.framework */,
				6BC10168147775A40055CF03 /* CoreData.framework */,
				6BC10169147775A40055CF03 /* Foundation.framework */,
			);
			name = "Other Frameworks";
			sourceTree = "<group>";
		};
		6BC1016A147775A40055CF03 /* Expanz iOS Code Generator */ = {
			isa = PBXGroup;
			children = (
				6BC10176147775A40055CF03 /* AppDelegate.h */,
				6BC10177147775A40055CF03 /* AppDelegate.m */,
				6BC10179147775A40055CF03 /* MainMenu.xib */,
				6BC1016B147775A40055CF03 /* Supporting Files */,
			);
			path = "Expanz iOS Code Generator";
			sourceTree = "<group>";
		};
		6BC1016B147775A40055CF03 /* Supporting Files */ = {
			isa = PBXGroup;
			children = (
				6BC1016C147775A40055CF03 /* Expanz iOS Code Generator-Info.plist */,
				6BC1016D147775A40055CF03 /* InfoPlist.strings */,
				6BC10170147775A40055CF03 /* main.m */,
				6BC10172147775A40055CF03 /* Expanz iOS Code Generator-Prefix.pch */,
				6BC10173147775A40055CF03 /* Credits.rtf */,
			);
			name = "Supporting Files";
			sourceTree = "<group>";
		};
		6BC1018D1477A42F0055CF03 /* Specs */ = {
			isa = PBXGroup;
			children = (
				6BC1018E1477A42F0055CF03 /* main.m */,
				6BC101921477A42F0055CF03 /* Specs.1 */,
				6BC101901477A42F0055CF03 /* Supporting Files */,
			);
			path = Specs;
			sourceTree = "<group>";
		};
		6BC101901477A42F0055CF03 /* Supporting Files */ = {
			isa = PBXGroup;
			children = (
				6BC101911477A42F0055CF03 /* Specs-Prefix.pch */,
			);
			name = "Supporting Files";
			sourceTree = "<group>";
		};
		6BC1019A1477A4D20055CF03 /* Source */ = {
			isa = PBXGroup;
			children = (
				6BC1019B1477A4D20055CF03 /* Main */,
				6BC1019C1477A4D20055CF03 /* Specs */,
			);
			path = Source;
			sourceTree = "<group>";
		};
		6BC1019B1477A4D20055CF03 /* Main */ = {
			isa = PBXGroup;
			children = (
			);
			path = Main;
			sourceTree = "<group>";
		};
		6BC1019C1477A4D20055CF03 /* Specs */ = {
			isa = PBXGroup;
			children = (
				6BC101A51477A72A0055CF03 /* Integration */,
				6BC101A61477A72A0055CF03 /* Unit */,
				6BC101A71477A72A0055CF03 /* Utils */,
				6BC1019D1477A50A0055CF03 /* ProjectEditorSpec.m */,
			);
			path = Specs;
			sourceTree = "<group>";
		};
		6BC101A51477A72A0055CF03 /* Integration */ = {
			isa = PBXGroup;
			children = (
			);
			path = Integration;
			sourceTree = "<group>";
		};
		6BC101A61477A72A0055CF03 /* Unit */ = {
			isa = PBXGroup;
			children = (
			);
			path = Unit;
			sourceTree = "<group>";
		};
		6BC101A71477A72A0055CF03 /* Utils */ = {
			isa = PBXGroup;
			children = (
				6BC101A81477A72A0055CF03 /* SpecHelper.h */,
			);
			path = Utils;
			sourceTree = "<group>";
		};
/* End PBXGroup section */

/* Begin PBXNativeTarget section */
		6BC1015F147775A40055CF03 /* Expanz iOS Code Generator */ = {
			isa = PBXNativeTarget;
			buildConfigurationList = 6BC1017E147775A40055CF03 /* Build configuration list for PBXNativeTarget "Expanz iOS Code Generator" */;
			buildPhases = (
				6BC1015C147775A40055CF03 /* Sources */,
				6BC1015D147775A40055CF03 /* Frameworks */,
				6BC1015E147775A40055CF03 /* Resources */,
			);
			buildRules = (
			);
			dependencies = (
			);
			name = "Expanz iOS Code Generator";
			productName = "Expanz iOS Code Generator";
			productReference = 6BC10160147775A40055CF03 /* Expanz iOS Code Generator.app */;
			productType = "com.apple.product-type.application";
		};
		6BC101881477A42F0055CF03 /* Specs */ = {
			isa = PBXNativeTarget;
			buildConfigurationList = 6BC101961477A42F0055CF03 /* Build configuration list for PBXNativeTarget "Specs" */;
			buildPhases = (
				6BC101851477A42F0055CF03 /* Sources */,
				6BC101861477A42F0055CF03 /* Frameworks */,
				6BC101871477A42F0055CF03 /* CopyFiles */,
			);
			buildRules = (
			);
			dependencies = (
			);
			name = Specs;
			productName = Specs;
			productReference = 6BC101891477A42F0055CF03 /* Specs */;
			productType = "com.apple.product-type.tool";
		};
/* End PBXNativeTarget section */

/* Begin PBXProject section */
		6BC10157147775A40055CF03 /* Project object */ = {
			isa = PBXProject;
			attributes = {
				LastUpgradeCheck = 0420;
				ORGANIZATIONNAME = EXPANZ;
			};
			buildConfigurationList = 6BC1015A147775A40055CF03 /* Build configuration list for PBXProject "Expanz iOS Code Generator" */;
			compatibilityVersion = "Xcode 3.2";
			developmentRegion = English;
			hasScannedForEncodings = 0;
			knownRegions = (
				en,
			);
			mainGroup = 6BC10155147775A40055CF03;
			productRefGroup = 6BC10161147775A40055CF03 /* Products */;
			projectDirPath = "";
			projectRoot = "";
			targets = (
				6BC1015F147775A40055CF03 /* Expanz iOS Code Generator */,
				6BC101881477A42F0055CF03 /* Specs */,
			);
		};
/* End PBXProject section */

/* Begin PBXResourcesBuildPhase section */
		6BC1015E147775A40055CF03 /* Resources */ = {
			isa = PBXResourcesBuildPhase;
			buildActionMask = 2147483647;
			files = (
				6BC1016F147775A40055CF03 /* InfoPlist.strings in Resources */,
				6BC10175147775A40055CF03 /* Credits.rtf in Resources */,
				6BC1017B147775A40055CF03 /* MainMenu.xib in Resources */,
			);
			runOnlyForDeploymentPostprocessing = 0;
		};
/* End PBXResourcesBuildPhase section */

/* Begin PBXSourcesBuildPhase section */
		6BC1015C147775A40055CF03 /* Sources */ = {
			isa = PBXSourcesBuildPhase;
			buildActionMask = 2147483647;
			files = (
				6BC10171147775A40055CF03 /* main.m in Sources */,
				6BC10178147775A40055CF03 /* AppDelegate.m in Sources */,
			);
			runOnlyForDeploymentPostprocessing = 0;
		};
		6BC101851477A42F0055CF03 /* Sources */ = {
			isa = PBXSourcesBuildPhase;
			buildActionMask = 2147483647;
			files = (
				6BC1018F1477A42F0055CF03 /* main.m in Sources */,
				6BC1019E1477A50A0055CF03 /* ProjectEditorSpec.m in Sources */,
			);
			runOnlyForDeploymentPostprocessing = 0;
		};
/* End PBXSourcesBuildPhase section */

/* Begin PBXVariantGroup section */
		6BC1016D147775A40055CF03 /* InfoPlist.strings */ = {
			isa = PBXVariantGroup;
			children = (
				6BC1016E147775A40055CF03 /* en */,
			);
			name = InfoPlist.strings;
			sourceTree = "<group>";
		};
		6BC10173147775A40055CF03 /* Credits.rtf */ = {
			isa = PBXVariantGroup;
			children = (
				6BC10174147775A40055CF03 /* en */,
			);
			name = Credits.rtf;
			sourceTree = "<group>";
		};
		6BC10179147775A40055CF03 /* MainMenu.xib */ = {
			isa = PBXVariantGroup;
			children = (
				6BC1017A147775A40055CF03 /* en */,
			);
			name = MainMenu.xib;
			sourceTree = "<group>";
		};
/* End PBXVariantGroup section */

/* Begin XCBuildConfiguration section */
		6BC1017C147775A40055CF03 /* Debug */ = {
			isa = XCBuildConfiguration;
			buildSettings = {
				ALWAYS_SEARCH_USER_PATHS = NO;
				ARCHS = "$(ARCHS_STANDARD_64_BIT)";
				COPY_PHASE_STRIP = NO;
				GCC_C_LANGUAGE_STANDARD = gnu99;
				GCC_DYNAMIC_NO_PIC = NO;
				GCC_ENABLE_OBJC_EXCEPTIONS = YES;
				GCC_OPTIMIZATION_LEVEL = 0;
				GCC_PREPROCESSOR_DEFINITIONS = (
					"DEBUG=1",
					"$(inherited)",
				);
				GCC_SYMBOLS_PRIVATE_EXTERN = NO;
				GCC_VERSION = com.apple.compilers.llvm.clang.1_0;
				GCC_WARN_64_TO_32_BIT_CONVERSION = YES;
				GCC_WARN_ABOUT_MISSING_PROTOTYPES = YES;
				GCC_WARN_ABOUT_RETURN_TYPE = YES;
				GCC_WARN_UNUSED_VARIABLE = YES;
				MACOSX_DEPLOYMENT_TARGET = 10.7;
				ONLY_ACTIVE_ARCH = YES;
				SDKROOT = macosx;
			};
			name = Debug;
		};
		6BC1017D147775A40055CF03 /* Release */ = {
			isa = XCBuildConfiguration;
			buildSettings = {
				ALWAYS_SEARCH_USER_PATHS = NO;
				ARCHS = "$(ARCHS_STANDARD_64_BIT)";
				COPY_PHASE_STRIP = YES;
				DEBUG_INFORMATION_FORMAT = "dwarf-with-dsym";
				GCC_C_LANGUAGE_STANDARD = gnu99;
				GCC_ENABLE_OBJC_EXCEPTIONS = YES;
				GCC_VERSION = com.apple.compilers.llvm.clang.1_0;
				GCC_WARN_64_TO_32_BIT_CONVERSION = YES;
				GCC_WARN_ABOUT_MISSING_PROTOTYPES = YES;
				GCC_WARN_ABOUT_RETURN_TYPE = YES;
				GCC_WARN_UNUSED_VARIABLE = YES;
				MACOSX_DEPLOYMENT_TARGET = 10.7;
				SDKROOT = macosx;
			};
			name = Release;
		};
		6BC1017F147775A40055CF03 /* Debug */ = {
			isa = XCBuildConfiguration;
			buildSettings = {
				GCC_PRECOMPILE_PREFIX_HEADER = YES;
				GCC_PREFIX_HEADER = "Expanz iOS Code Generator/Expanz iOS Code Generator-Prefix.pch";
				INFOPLIST_FILE = "Expanz iOS Code Generator/Expanz iOS Code Generator-Info.plist";
				PRODUCT_NAME = "$(TARGET_NAME)";
				WRAPPER_EXTENSION = app;
			};
			name = Debug;
		};
		6BC10180147775A40055CF03 /* Release */ = {
			isa = XCBuildConfiguration;
			buildSettings = {
				GCC_PRECOMPILE_PREFIX_HEADER = YES;
				GCC_PREFIX_HEADER = "Expanz iOS Code Generator/Expanz iOS Code Generator-Prefix.pch";
				INFOPLIST_FILE = "Expanz iOS Code Generator/Expanz iOS Code Generator-Info.plist";
				PRODUCT_NAME = "$(TARGET_NAME)";
				WRAPPER_EXTENSION = app;
			};
			name = Release;
		};
		6BC101941477A42F0055CF03 /* Debug */ = {
			isa = XCBuildConfiguration;
			buildSettings = {
				FRAMEWORK_SEARCH_PATHS = (
					"$(inherited)",
					"\"$(SRCROOT)/Dependencies/Frameworks\"",
				);
				GCC_PRECOMPILE_PREFIX_HEADER = YES;
				GCC_PREFIX_HEADER = "Specs/Specs-Prefix.pch";
				PRODUCT_NAME = "$(TARGET_NAME)";
			};
			name = Debug;
		};
		6BC101951477A42F0055CF03 /* Release */ = {
			isa = XCBuildConfiguration;
			buildSettings = {
				FRAMEWORK_SEARCH_PATHS = (
					"$(inherited)",
					"\"$(SRCROOT)/Dependencies/Frameworks\"",
				);
				GCC_PRECOMPILE_PREFIX_HEADER = YES;
				GCC_PREFIX_HEADER = "Specs/Specs-Prefix.pch";
				PRODUCT_NAME = "$(TARGET_NAME)";
			};
			name = Release;
		};
/* End XCBuildConfiguration section */

/* Begin XCConfigurationList section */
		6BC1015A147775A40055CF03 /* Build configuration list for PBXProject "Expanz iOS Code Generator" */ = {
			isa = XCConfigurationList;
			buildConfigurations = (
				6BC1017C147775A40055CF03 /* Debug */,
				6BC1017D147775A40055CF03 /* Release */,
			);
			defaultConfigurationIsVisible = 0;
			defaultConfigurationName = Release;
		};
		6BC1017E147775A40055CF03 /* Build configuration list for PBXNativeTarget "Expanz iOS Code Generator" */ = {
			isa = XCConfigurationList;
			buildConfigurations = (
				6BC1017F147775A40055CF03 /* Debug */,
				6BC10180147775A40055CF03 /* Release */,
			);
			defaultConfigurationIsVisible = 0;
			defaultConfigurationName = Release;
		};
		6BC101961477A42F0055CF03 /* Build configuration list for PBXNativeTarget "Specs" */ = {
			isa = XCConfigurationList;
			buildConfigurations = (
				6BC101941477A42F0055CF03 /* Debug */,
				6BC101951477A42F0055CF03 /* Release */,
			);
			defaultConfigurationIsVisible = 0;
		};
/* End XCConfigurationList section */
	};
	rootObject = 6BC10157147775A40055CF03 /* Project object */;
}
